// !$*UTF8*$!
{
	archiveVersion = 1;
	classes = {
	};
	objectVersion = 55;
	objects = {

/* Begin PBXBuildFile section */
		62A0205D2987D1280060664E /* AuthViewController.swift in Sources */ = {isa = PBXBuildFile; fileRef = 62A0205C2987D1280060664E /* AuthViewController.swift */; };
		62A0205F2987D3B20060664E /* WebViewViewController.swift in Sources */ = {isa = PBXBuildFile; fileRef = 62A0205E2987D3B20060664E /* WebViewViewController.swift */; };
		62A020612987DE4F0060664E /* Constants.swift in Sources */ = {isa = PBXBuildFile; fileRef = 62A020602987DE4F0060664E /* Constants.swift */; };
		62A020632987E1BC0060664E /* WebViewViewControllerDelegate.swift in Sources */ = {isa = PBXBuildFile; fileRef = 62A020622987E1BC0060664E /* WebViewViewControllerDelegate.swift */; };
		62A02070298BC81A0060664E /* OAuthTokenResponseBody.swift in Sources */ = {isa = PBXBuildFile; fileRef = 62A0206F298BC8190060664E /* OAuthTokenResponseBody.swift */; };
		62A0207E298BDAFE0060664E /* OAuth2Service.swift in Sources */ = {isa = PBXBuildFile; fileRef = 62A0207D298BDAFE0060664E /* OAuth2Service.swift */; };
		62A02084298C5C620060664E /* UrlRequest+Extensions.swift in Sources */ = {isa = PBXBuildFile; fileRef = 62A02083298C5C620060664E /* UrlRequest+Extensions.swift */; };
		62A02086298C63720060664E /* OAuth2TokenStorage.swift in Sources */ = {isa = PBXBuildFile; fileRef = 62A02085298C63720060664E /* OAuth2TokenStorage.swift */; };
		62A02088298C67DD0060664E /* UrlSession+Extenstions.swift in Sources */ = {isa = PBXBuildFile; fileRef = 62A02087298C67DD0060664E /* UrlSession+Extenstions.swift */; };
		62A0208A298D09610060664E /* NetworkError.swift in Sources */ = {isa = PBXBuildFile; fileRef = 62A02089298D09610060664E /* NetworkError.swift */; };
		62A0208D298D1E800060664E /* SplashViewController.swift in Sources */ = {isa = PBXBuildFile; fileRef = 62A0208C298D1E800060664E /* SplashViewController.swift */; };
		62C37873294CA31F0014BCD7 /* AppDelegate.swift in Sources */ = {isa = PBXBuildFile; fileRef = 62C37872294CA31F0014BCD7 /* AppDelegate.swift */; };
		62C37875294CA31F0014BCD7 /* SceneDelegate.swift in Sources */ = {isa = PBXBuildFile; fileRef = 62C37874294CA31F0014BCD7 /* SceneDelegate.swift */; };
		62C37877294CA31F0014BCD7 /* ImageListViewController.swift in Sources */ = {isa = PBXBuildFile; fileRef = 62C37876294CA31F0014BCD7 /* ImageListViewController.swift */; };
		62C3787A294CA31F0014BCD7 /* Main.storyboard in Resources */ = {isa = PBXBuildFile; fileRef = 62C37878294CA31F0014BCD7 /* Main.storyboard */; };
		62C3787C294CA3220014BCD7 /* Assets.xcassets in Resources */ = {isa = PBXBuildFile; fileRef = 62C3787B294CA3220014BCD7 /* Assets.xcassets */; };
		62C3787F294CA3220014BCD7 /* LaunchScreen.storyboard in Resources */ = {isa = PBXBuildFile; fileRef = 62C3787D294CA3220014BCD7 /* LaunchScreen.storyboard */; };
		62CF1E69295B98FD006D9581 /* ImagesListCell.swift in Sources */ = {isa = PBXBuildFile; fileRef = 62CF1E68295B98FD006D9581 /* ImagesListCell.swift */; };
		62E3D528295DD04B007EB771 /* VerticalGradientView.swift in Sources */ = {isa = PBXBuildFile; fileRef = 62E3D527295DD04B007EB771 /* VerticalGradientView.swift */; };
		62EB1D9229756285002A198E /* SingleImageViewController.swift in Sources */ = {isa = PBXBuildFile; fileRef = 62EB1D9129756285002A198E /* SingleImageViewController.swift */; };
		62EB1D95297DD6AE002A198E /* ProfileViewController.swift in Sources */ = {isa = PBXBuildFile; fileRef = 62EB1D94297DD6AE002A198E /* ProfileViewController.swift */; };
		62EB1D98297DE072002A198E /* Colors.swift in Sources */ = {isa = PBXBuildFile; fileRef = 62EB1D97297DE071002A198E /* Colors.swift */; };
		62EB1D9E297E78D4002A198E /* YSDisplay-Bold.ttf in Resources */ = {isa = PBXBuildFile; fileRef = 62EB1D9B297E78D4002A198E /* YSDisplay-Bold.ttf */; };
		62EB1D9F297E78D4002A198E /* YSDisplay-Medium.ttf in Resources */ = {isa = PBXBuildFile; fileRef = 62EB1D9C297E78D4002A198E /* YSDisplay-Medium.ttf */; };
		62EB1DA0297E78D4002A198E /* YSDisplay-Regular.ttf in Resources */ = {isa = PBXBuildFile; fileRef = 62EB1D9D297E78D4002A198E /* YSDisplay-Regular.ttf */; };
		62EB1DA2297E7968002A198E /* Fonts.swift in Sources */ = {isa = PBXBuildFile; fileRef = 62EB1DA1297E7968002A198E /* Fonts.swift */; };
		62EB1DA4297E8B98002A198E /* UIView+LayoutConstraint.swift in Sources */ = {isa = PBXBuildFile; fileRef = 62EB1DA3297E8B98002A198E /* UIView+LayoutConstraint.swift */; };
/* End PBXBuildFile section */

/* Begin PBXFileReference section */
		62A0205C2987D1280060664E /* AuthViewController.swift */ = {isa = PBXFileReference; lastKnownFileType = sourcecode.swift; path = AuthViewController.swift; sourceTree = "<group>"; };
		62A0205E2987D3B20060664E /* WebViewViewController.swift */ = {isa = PBXFileReference; lastKnownFileType = sourcecode.swift; path = WebViewViewController.swift; sourceTree = "<group>"; };
		62A020602987DE4F0060664E /* Constants.swift */ = {isa = PBXFileReference; lastKnownFileType = sourcecode.swift; path = Constants.swift; sourceTree = "<group>"; };
		62A020622987E1BC0060664E /* WebViewViewControllerDelegate.swift */ = {isa = PBXFileReference; lastKnownFileType = sourcecode.swift; path = WebViewViewControllerDelegate.swift; sourceTree = "<group>"; };
		62A0206F298BC8190060664E /* OAuthTokenResponseBody.swift */ = {isa = PBXFileReference; lastKnownFileType = sourcecode.swift; path = OAuthTokenResponseBody.swift; sourceTree = "<group>"; };
		62A0207D298BDAFE0060664E /* OAuth2Service.swift */ = {isa = PBXFileReference; lastKnownFileType = sourcecode.swift; path = OAuth2Service.swift; sourceTree = "<group>"; };
		62A02083298C5C620060664E /* UrlRequest+Extensions.swift */ = {isa = PBXFileReference; lastKnownFileType = sourcecode.swift; path = "UrlRequest+Extensions.swift"; sourceTree = "<group>"; };
		62A02085298C63720060664E /* OAuth2TokenStorage.swift */ = {isa = PBXFileReference; lastKnownFileType = sourcecode.swift; path = OAuth2TokenStorage.swift; sourceTree = "<group>"; };
		62A02087298C67DD0060664E /* UrlSession+Extenstions.swift */ = {isa = PBXFileReference; lastKnownFileType = sourcecode.swift; path = "UrlSession+Extenstions.swift"; sourceTree = "<group>"; };
		62A02089298D09610060664E /* NetworkError.swift */ = {isa = PBXFileReference; lastKnownFileType = sourcecode.swift; path = NetworkError.swift; sourceTree = "<group>"; };
		62A0208C298D1E800060664E /* SplashViewController.swift */ = {isa = PBXFileReference; lastKnownFileType = sourcecode.swift; path = SplashViewController.swift; sourceTree = "<group>"; };
		62C3786F294CA31F0014BCD7 /* ImageFeed.app */ = {isa = PBXFileReference; explicitFileType = wrapper.application; includeInIndex = 0; path = ImageFeed.app; sourceTree = BUILT_PRODUCTS_DIR; };
		62C37872294CA31F0014BCD7 /* AppDelegate.swift */ = {isa = PBXFileReference; lastKnownFileType = sourcecode.swift; path = AppDelegate.swift; sourceTree = "<group>"; };
		62C37874294CA31F0014BCD7 /* SceneDelegate.swift */ = {isa = PBXFileReference; lastKnownFileType = sourcecode.swift; path = SceneDelegate.swift; sourceTree = "<group>"; };
		62C37876294CA31F0014BCD7 /* ImageListViewController.swift */ = {isa = PBXFileReference; lastKnownFileType = sourcecode.swift; path = ImageListViewController.swift; sourceTree = "<group>"; };
		62C37879294CA31F0014BCD7 /* Base */ = {isa = PBXFileReference; lastKnownFileType = file.storyboard; name = Base; path = Base.lproj/Main.storyboard; sourceTree = "<group>"; };
		62C3787B294CA3220014BCD7 /* Assets.xcassets */ = {isa = PBXFileReference; lastKnownFileType = folder.assetcatalog; path = Assets.xcassets; sourceTree = "<group>"; };
		62C3787E294CA3220014BCD7 /* Base */ = {isa = PBXFileReference; lastKnownFileType = file.storyboard; name = Base; path = Base.lproj/LaunchScreen.storyboard; sourceTree = "<group>"; };
		62C37880294CA3220014BCD7 /* Info.plist */ = {isa = PBXFileReference; lastKnownFileType = text.plist.xml; path = Info.plist; sourceTree = "<group>"; };
		62CF1E68295B98FD006D9581 /* ImagesListCell.swift */ = {isa = PBXFileReference; lastKnownFileType = sourcecode.swift; path = ImagesListCell.swift; sourceTree = "<group>"; };
		62E3D527295DD04B007EB771 /* VerticalGradientView.swift */ = {isa = PBXFileReference; lastKnownFileType = sourcecode.swift; path = VerticalGradientView.swift; sourceTree = "<group>"; };
		62EB1D9129756285002A198E /* SingleImageViewController.swift */ = {isa = PBXFileReference; lastKnownFileType = sourcecode.swift; path = SingleImageViewController.swift; sourceTree = "<group>"; };
		62EB1D94297DD6AE002A198E /* ProfileViewController.swift */ = {isa = PBXFileReference; lastKnownFileType = sourcecode.swift; path = ProfileViewController.swift; sourceTree = "<group>"; };
		62EB1D97297DE071002A198E /* Colors.swift */ = {isa = PBXFileReference; lastKnownFileType = sourcecode.swift; path = Colors.swift; sourceTree = "<group>"; };
		62EB1D9B297E78D4002A198E /* YSDisplay-Bold.ttf */ = {isa = PBXFileReference; lastKnownFileType = file; path = "YSDisplay-Bold.ttf"; sourceTree = "<group>"; };
		62EB1D9C297E78D4002A198E /* YSDisplay-Medium.ttf */ = {isa = PBXFileReference; lastKnownFileType = file; path = "YSDisplay-Medium.ttf"; sourceTree = "<group>"; };
		62EB1D9D297E78D4002A198E /* YSDisplay-Regular.ttf */ = {isa = PBXFileReference; lastKnownFileType = file; path = "YSDisplay-Regular.ttf"; sourceTree = "<group>"; };
		62EB1DA1297E7968002A198E /* Fonts.swift */ = {isa = PBXFileReference; lastKnownFileType = sourcecode.swift; path = Fonts.swift; sourceTree = "<group>"; };
		62EB1DA3297E8B98002A198E /* UIView+LayoutConstraint.swift */ = {isa = PBXFileReference; lastKnownFileType = sourcecode.swift; path = "UIView+LayoutConstraint.swift"; sourceTree = "<group>"; };
/* End PBXFileReference section */

/* Begin PBXFrameworksBuildPhase section */
		62C3786C294CA31F0014BCD7 /* Frameworks */ = {
			isa = PBXFrameworksBuildPhase;
			buildActionMask = 2147483647;
			files = (
			);
			runOnlyForDeploymentPostprocessing = 0;
		};
/* End PBXFrameworksBuildPhase section */

/* Begin PBXGroup section */
		62A0205B2987D1110060664E /* Auth */ = {
			isa = PBXGroup;
			children = (
				62A0205C2987D1280060664E /* AuthViewController.swift */,
				62A0205E2987D3B20060664E /* WebViewViewController.swift */,
				62A020622987E1BC0060664E /* WebViewViewControllerDelegate.swift */,
			);
			path = Auth;
			sourceTree = "<group>";
		};
		62A0206E298BC8010060664E /* Models */ = {
			isa = PBXGroup;
			children = (
				62A0206F298BC8190060664E /* OAuthTokenResponseBody.swift */,
				62A02089298D09610060664E /* NetworkError.swift */,
			);
			path = Models;
			sourceTree = "<group>";
		};
		62A0207C298BDAEA0060664E /* Services */ = {
			isa = PBXGroup;
			children = (
				62A0207D298BDAFE0060664E /* OAuth2Service.swift */,
				62A02085298C63720060664E /* OAuth2TokenStorage.swift */,
			);
			path = Services;
			sourceTree = "<group>";
		};
		62A0208B298D1E670060664E /* Splash */ = {
			isa = PBXGroup;
			children = (
				62A0208C298D1E800060664E /* SplashViewController.swift */,
			);
			path = Splash;
			sourceTree = "<group>";
		};
		62C37866294CA31F0014BCD7 = {
			isa = PBXGroup;
			children = (
				62C37871294CA31F0014BCD7 /* ImageFeed */,
				62C37870294CA31F0014BCD7 /* Products */,
			);
			sourceTree = "<group>";
		};
		62C37870294CA31F0014BCD7 /* Products */ = {
			isa = PBXGroup;
			children = (
				62C3786F294CA31F0014BCD7 /* ImageFeed.app */,
			);
			name = Products;
			sourceTree = "<group>";
		};
		62C37871294CA31F0014BCD7 /* ImageFeed */ = {
			isa = PBXGroup;
			children = (
				62A0207C298BDAEA0060664E /* Services */,
				62A0206E298BC8010060664E /* Models */,
				62EB1D99297E7882002A198E /* Resources */,
				62EB1D96297DDAD8002A198E /* Helpers */,
				62CF1E66295B9611006D9581 /* Presentation */,
				62C37872294CA31F0014BCD7 /* AppDelegate.swift */,
				62C37874294CA31F0014BCD7 /* SceneDelegate.swift */,
				62C3787B294CA3220014BCD7 /* Assets.xcassets */,
				62C3787D294CA3220014BCD7 /* LaunchScreen.storyboard */,
				62C37880294CA3220014BCD7 /* Info.plist */,
			);
			path = ImageFeed;
			sourceTree = "<group>";
		};
		62CF1E66295B9611006D9581 /* Presentation */ = {
			isa = PBXGroup;
			children = (
				62C37878294CA31F0014BCD7 /* Main.storyboard */,
				62A0208B298D1E670060664E /* Splash */,
				62A0205B2987D1110060664E /* Auth */,
				62EB1D93297DD685002A198E /* Profile */,
				62EB1D902975625F002A198E /* SingleImage */,
				62E3D526295DD035007EB771 /* Custom */,
				62CF1E67295B962A006D9581 /* ImagesList */,
			);
			path = Presentation;
			sourceTree = "<group>";
		};
		62CF1E67295B962A006D9581 /* ImagesList */ = {
			isa = PBXGroup;
			children = (
				62C37876294CA31F0014BCD7 /* ImageListViewController.swift */,
				62CF1E68295B98FD006D9581 /* ImagesListCell.swift */,
			);
			path = ImagesList;
			sourceTree = "<group>";
		};
		62E3D526295DD035007EB771 /* Custom */ = {
			isa = PBXGroup;
			children = (
				62E3D527295DD04B007EB771 /* VerticalGradientView.swift */,
			);
			path = Custom;
			sourceTree = "<group>";
		};
		62EB1D902975625F002A198E /* SingleImage */ = {
			isa = PBXGroup;
			children = (
				62EB1D9129756285002A198E /* SingleImageViewController.swift */,
			);
			path = SingleImage;
			sourceTree = "<group>";
		};
		62EB1D93297DD685002A198E /* Profile */ = {
			isa = PBXGroup;
			children = (
				62EB1D94297DD6AE002A198E /* ProfileViewController.swift */,
			);
			path = Profile;
			sourceTree = "<group>";
		};
		62EB1D96297DDAD8002A198E /* Helpers */ = {
			isa = PBXGroup;
			children = (
				62EB1D97297DE071002A198E /* Colors.swift */,
				62EB1DA1297E7968002A198E /* Fonts.swift */,
				62EB1DA3297E8B98002A198E /* UIView+LayoutConstraint.swift */,
				62A020602987DE4F0060664E /* Constants.swift */,
				62A02083298C5C620060664E /* UrlRequest+Extensions.swift */,
				62A02087298C67DD0060664E /* UrlSession+Extenstions.swift */,
			);
			path = Helpers;
			sourceTree = "<group>";
		};
		62EB1D99297E7882002A198E /* Resources */ = {
			isa = PBXGroup;
			children = (
				62EB1D9A297E78B1002A198E /* Font */,
			);
			path = Resources;
			sourceTree = "<group>";
		};
		62EB1D9A297E78B1002A198E /* Font */ = {
			isa = PBXGroup;
			children = (
				62EB1D9B297E78D4002A198E /* YSDisplay-Bold.ttf */,
				62EB1D9C297E78D4002A198E /* YSDisplay-Medium.ttf */,
				62EB1D9D297E78D4002A198E /* YSDisplay-Regular.ttf */,
			);
			path = Font;
			sourceTree = "<group>";
		};
/* End PBXGroup section */

/* Begin PBXNativeTarget section */
		62C3786E294CA31F0014BCD7 /* ImageFeed */ = {
			isa = PBXNativeTarget;
			buildConfigurationList = 62C37883294CA3220014BCD7 /* Build configuration list for PBXNativeTarget "ImageFeed" */;
			buildPhases = (
				62C3786B294CA31F0014BCD7 /* Sources */,
				62C3786C294CA31F0014BCD7 /* Frameworks */,
				62C3786D294CA31F0014BCD7 /* Resources */,
			);
			buildRules = (
			);
			dependencies = (
			);
			name = ImageFeed;
			productName = ImageFeed;
			productReference = 62C3786F294CA31F0014BCD7 /* ImageFeed.app */;
			productType = "com.apple.product-type.application";
		};
/* End PBXNativeTarget section */

/* Begin PBXProject section */
		62C37867294CA31F0014BCD7 /* Project object */ = {
			isa = PBXProject;
			attributes = {
				BuildIndependentTargetsInParallel = 1;
				LastSwiftUpdateCheck = 1330;
				LastUpgradeCheck = 1330;
				TargetAttributes = {
					62C3786E294CA31F0014BCD7 = {
						CreatedOnToolsVersion = 13.3.1;
					};
				};
			};
			buildConfigurationList = 62C3786A294CA31F0014BCD7 /* Build configuration list for PBXProject "ImageFeed" */;
			compatibilityVersion = "Xcode 13.0";
			developmentRegion = en;
			hasScannedForEncodings = 0;
			knownRegions = (
				en,
				Base,
			);
			mainGroup = 62C37866294CA31F0014BCD7;
			productRefGroup = 62C37870294CA31F0014BCD7 /* Products */;
			projectDirPath = "";
			projectRoot = "";
			targets = (
				62C3786E294CA31F0014BCD7 /* ImageFeed */,
			);
		};
/* End PBXProject section */

/* Begin PBXResourcesBuildPhase section */
		62C3786D294CA31F0014BCD7 /* Resources */ = {
			isa = PBXResourcesBuildPhase;
			buildActionMask = 2147483647;
			files = (
				62EB1DA0297E78D4002A198E /* YSDisplay-Regular.ttf in Resources */,
				62C3787F294CA3220014BCD7 /* LaunchScreen.storyboard in Resources */,
				62C3787C294CA3220014BCD7 /* Assets.xcassets in Resources */,
				62EB1D9E297E78D4002A198E /* YSDisplay-Bold.ttf in Resources */,
				62EB1D9F297E78D4002A198E /* YSDisplay-Medium.ttf in Resources */,
				62C3787A294CA31F0014BCD7 /* Main.storyboard in Resources */,
			);
			runOnlyForDeploymentPostprocessing = 0;
		};
/* End PBXResourcesBuildPhase section */

/* Begin PBXSourcesBuildPhase section */
		62C3786B294CA31F0014BCD7 /* Sources */ = {
			isa = PBXSourcesBuildPhase;
			buildActionMask = 2147483647;
			files = (
				62A02084298C5C620060664E /* UrlRequest+Extensions.swift in Sources */,
				62A0205D2987D1280060664E /* AuthViewController.swift in Sources */,
				62C37877294CA31F0014BCD7 /* ImageListViewController.swift in Sources */,
				62A0207E298BDAFE0060664E /* OAuth2Service.swift in Sources */,
				62EB1DA4297E8B98002A198E /* UIView+LayoutConstraint.swift in Sources */,
				62EB1D98297DE072002A198E /* Colors.swift in Sources */,
				62CF1E69295B98FD006D9581 /* ImagesListCell.swift in Sources */,
				62A020632987E1BC0060664E /* WebViewViewControllerDelegate.swift in Sources */,
				62C37873294CA31F0014BCD7 /* AppDelegate.swift in Sources */,
				62A0208A298D09610060664E /* NetworkError.swift in Sources */,
				62A02088298C67DD0060664E /* UrlSession+Extenstions.swift in Sources */,
				62C37875294CA31F0014BCD7 /* SceneDelegate.swift in Sources */,
				62A0208D298D1E800060664E /* SplashViewController.swift in Sources */,
				62A020612987DE4F0060664E /* Constants.swift in Sources */,
				62EB1D95297DD6AE002A198E /* ProfileViewController.swift in Sources */,
				62A02086298C63720060664E /* OAuth2TokenStorage.swift in Sources */,
				62EB1D9229756285002A198E /* SingleImageViewController.swift in Sources */,
				62EB1DA2297E7968002A198E /* Fonts.swift in Sources */,
				62A0205F2987D3B20060664E /* WebViewViewController.swift in Sources */,
				62E3D528295DD04B007EB771 /* VerticalGradientView.swift in Sources */,
				62A02070298BC81A0060664E /* OAuthTokenResponseBody.swift in Sources */,
			);
			runOnlyForDeploymentPostprocessing = 0;
		};
/* End PBXSourcesBuildPhase section */

/* Begin PBXVariantGroup section */
		62C37878294CA31F0014BCD7 /* Main.storyboard */ = {
			isa = PBXVariantGroup;
			children = (
				62C37879294CA31F0014BCD7 /* Base */,
			);
			name = Main.storyboard;
			sourceTree = "<group>";
		};
		62C3787D294CA3220014BCD7 /* LaunchScreen.storyboard */ = {
			isa = PBXVariantGroup;
			children = (
				62C3787E294CA3220014BCD7 /* Base */,
			);
			name = LaunchScreen.storyboard;
			sourceTree = "<group>";
		};
/* End PBXVariantGroup section */

/* Begin XCBuildConfiguration section */
		62C37881294CA3220014BCD7 /* Debug */ = {
			isa = XCBuildConfiguration;
			buildSettings = {
				ALWAYS_SEARCH_USER_PATHS = NO;
				CLANG_ANALYZER_NONNULL = YES;
				CLANG_ANALYZER_NUMBER_OBJECT_CONVERSION = YES_AGGRESSIVE;
				CLANG_CXX_LANGUAGE_STANDARD = "gnu++17";
				CLANG_ENABLE_MODULES = YES;
				CLANG_ENABLE_OBJC_ARC = YES;
				CLANG_ENABLE_OBJC_WEAK = YES;
				CLANG_WARN_BLOCK_CAPTURE_AUTORELEASING = YES;
				CLANG_WARN_BOOL_CONVERSION = YES;
				CLANG_WARN_COMMA = YES;
				CLANG_WARN_CONSTANT_CONVERSION = YES;
				CLANG_WARN_DEPRECATED_OBJC_IMPLEMENTATIONS = YES;
				CLANG_WARN_DIRECT_OBJC_ISA_USAGE = YES_ERROR;
				CLANG_WARN_DOCUMENTATION_COMMENTS = YES;
				CLANG_WARN_EMPTY_BODY = YES;
				CLANG_WARN_ENUM_CONVERSION = YES;
				CLANG_WARN_INFINITE_RECURSION = YES;
				CLANG_WARN_INT_CONVERSION = YES;
				CLANG_WARN_NON_LITERAL_NULL_CONVERSION = YES;
				CLANG_WARN_OBJC_IMPLICIT_RETAIN_SELF = YES;
				CLANG_WARN_OBJC_LITERAL_CONVERSION = YES;
				CLANG_WARN_OBJC_ROOT_CLASS = YES_ERROR;
				CLANG_WARN_QUOTED_INCLUDE_IN_FRAMEWORK_HEADER = YES;
				CLANG_WARN_RANGE_LOOP_ANALYSIS = YES;
				CLANG_WARN_STRICT_PROTOTYPES = YES;
				CLANG_WARN_SUSPICIOUS_MOVE = YES;
				CLANG_WARN_UNGUARDED_AVAILABILITY = YES_AGGRESSIVE;
				CLANG_WARN_UNREACHABLE_CODE = YES;
				CLANG_WARN__DUPLICATE_METHOD_MATCH = YES;
				COPY_PHASE_STRIP = NO;
				DEBUG_INFORMATION_FORMAT = dwarf;
				ENABLE_STRICT_OBJC_MSGSEND = YES;
				ENABLE_TESTABILITY = YES;
				GCC_C_LANGUAGE_STANDARD = gnu11;
				GCC_DYNAMIC_NO_PIC = NO;
				GCC_NO_COMMON_BLOCKS = YES;
				GCC_OPTIMIZATION_LEVEL = 0;
				GCC_PREPROCESSOR_DEFINITIONS = (
					"DEBUG=1",
					"$(inherited)",
				);
				GCC_WARN_64_TO_32_BIT_CONVERSION = YES;
				GCC_WARN_ABOUT_RETURN_TYPE = YES_ERROR;
				GCC_WARN_UNDECLARED_SELECTOR = YES;
				GCC_WARN_UNINITIALIZED_AUTOS = YES_AGGRESSIVE;
				GCC_WARN_UNUSED_FUNCTION = YES;
				GCC_WARN_UNUSED_VARIABLE = YES;
				IPHONEOS_DEPLOYMENT_TARGET = 15.4;
				MTL_ENABLE_DEBUG_INFO = INCLUDE_SOURCE;
				MTL_FAST_MATH = YES;
				ONLY_ACTIVE_ARCH = YES;
				SDKROOT = iphoneos;
				SWIFT_ACTIVE_COMPILATION_CONDITIONS = DEBUG;
				SWIFT_OPTIMIZATION_LEVEL = "-Onone";
			};
			name = Debug;
		};
		62C37882294CA3220014BCD7 /* Release */ = {
			isa = XCBuildConfiguration;
			buildSettings = {
				ALWAYS_SEARCH_USER_PATHS = NO;
				CLANG_ANALYZER_NONNULL = YES;
				CLANG_ANALYZER_NUMBER_OBJECT_CONVERSION = YES_AGGRESSIVE;
				CLANG_CXX_LANGUAGE_STANDARD = "gnu++17";
				CLANG_ENABLE_MODULES = YES;
				CLANG_ENABLE_OBJC_ARC = YES;
				CLANG_ENABLE_OBJC_WEAK = YES;
				CLANG_WARN_BLOCK_CAPTURE_AUTORELEASING = YES;
				CLANG_WARN_BOOL_CONVERSION = YES;
				CLANG_WARN_COMMA = YES;
				CLANG_WARN_CONSTANT_CONVERSION = YES;
				CLANG_WARN_DEPRECATED_OBJC_IMPLEMENTATIONS = YES;
				CLANG_WARN_DIRECT_OBJC_ISA_USAGE = YES_ERROR;
				CLANG_WARN_DOCUMENTATION_COMMENTS = YES;
				CLANG_WARN_EMPTY_BODY = YES;
				CLANG_WARN_ENUM_CONVERSION = YES;
				CLANG_WARN_INFINITE_RECURSION = YES;
				CLANG_WARN_INT_CONVERSION = YES;
				CLANG_WARN_NON_LITERAL_NULL_CONVERSION = YES;
				CLANG_WARN_OBJC_IMPLICIT_RETAIN_SELF = YES;
				CLANG_WARN_OBJC_LITERAL_CONVERSION = YES;
				CLANG_WARN_OBJC_ROOT_CLASS = YES_ERROR;
				CLANG_WARN_QUOTED_INCLUDE_IN_FRAMEWORK_HEADER = YES;
				CLANG_WARN_RANGE_LOOP_ANALYSIS = YES;
				CLANG_WARN_STRICT_PROTOTYPES = YES;
				CLANG_WARN_SUSPICIOUS_MOVE = YES;
				CLANG_WARN_UNGUARDED_AVAILABILITY = YES_AGGRESSIVE;
				CLANG_WARN_UNREACHABLE_CODE = YES;
				CLANG_WARN__DUPLICATE_METHOD_MATCH = YES;
				COPY_PHASE_STRIP = NO;
				DEBUG_INFORMATION_FORMAT = "dwarf-with-dsym";
				ENABLE_NS_ASSERTIONS = NO;
				ENABLE_STRICT_OBJC_MSGSEND = YES;
				GCC_C_LANGUAGE_STANDARD = gnu11;
				GCC_NO_COMMON_BLOCKS = YES;
				GCC_WARN_64_TO_32_BIT_CONVERSION = YES;
				GCC_WARN_ABOUT_RETURN_TYPE = YES_ERROR;
				GCC_WARN_UNDECLARED_SELECTOR = YES;
				GCC_WARN_UNINITIALIZED_AUTOS = YES_AGGRESSIVE;
				GCC_WARN_UNUSED_FUNCTION = YES;
				GCC_WARN_UNUSED_VARIABLE = YES;
				IPHONEOS_DEPLOYMENT_TARGET = 15.4;
				MTL_ENABLE_DEBUG_INFO = NO;
				MTL_FAST_MATH = YES;
				SDKROOT = iphoneos;
				SWIFT_COMPILATION_MODE = wholemodule;
				SWIFT_OPTIMIZATION_LEVEL = "-O";
				VALIDATE_PRODUCT = YES;
			};
			name = Release;
		};
		62C37884294CA3220014BCD7 /* Debug */ = {
			isa = XCBuildConfiguration;
			buildSettings = {
				ASSETCATALOG_COMPILER_APPICON_NAME = AppIcon;
				ASSETCATALOG_COMPILER_GLOBAL_ACCENT_COLOR_NAME = AccentColor;
				CODE_SIGN_STYLE = Automatic;
				CURRENT_PROJECT_VERSION = 1;
				DEVELOPMENT_TEAM = CWGDZRVFYJ;
				GENERATE_INFOPLIST_FILE = YES;
				INFOPLIST_FILE = ImageFeed/Info.plist;
				INFOPLIST_KEY_UIApplicationSupportsIndirectInputEvents = YES;
				INFOPLIST_KEY_UILaunchStoryboardName = LaunchScreen;
				INFOPLIST_KEY_UIMainStoryboardFile = Main;
				INFOPLIST_KEY_UISupportedInterfaceOrientations = UIInterfaceOrientationPortrait;
				INFOPLIST_KEY_UISupportedInterfaceOrientations_iPad = "UIInterfaceOrientationPortrait UIInterfaceOrientationPortraitUpsideDown UIInterfaceOrientationLandscapeLeft UIInterfaceOrientationLandscapeRight";
				INFOPLIST_KEY_UISupportedInterfaceOrientations_iPhone = UIInterfaceOrientationPortrait;
				IPHONEOS_DEPLOYMENT_TARGET = 13.0;
				LD_RUNPATH_SEARCH_PATHS = (
					"$(inherited)",
					"@executable_path/Frameworks",
				);
				MARKETING_VERSION = 1.0;
				PRODUCT_BUNDLE_IDENTIFIER = ru.yandex.practicum.dmisuvorov.ImageFeed;
				PRODUCT_NAME = "$(TARGET_NAME)";
				SWIFT_EMIT_LOC_STRINGS = YES;
				SWIFT_VERSION = 5.0;
				TARGETED_DEVICE_FAMILY = 1;
			};
			name = Debug;
		};
		62C37885294CA3220014BCD7 /* Release */ = {
			isa = XCBuildConfiguration;
			buildSettings = {
				ASSETCATALOG_COMPILER_APPICON_NAME = AppIcon;
				ASSETCATALOG_COMPILER_GLOBAL_ACCENT_COLOR_NAME = AccentColor;
				CODE_SIGN_STYLE = Automatic;
				CURRENT_PROJECT_VERSION = 1;
				DEVELOPMENT_TEAM = CWGDZRVFYJ;
				GENERATE_INFOPLIST_FILE = YES;
				INFOPLIST_FILE = ImageFeed/Info.plist;
				INFOPLIST_KEY_UIApplicationSupportsIndirectInputEvents = YES;
				INFOPLIST_KEY_UILaunchStoryboardName = LaunchScreen;
				INFOPLIST_KEY_UIMainStoryboardFile = Main;
				INFOPLIST_KEY_UISupportedInterfaceOrientations = UIInterfaceOrientationPortrait;
				INFOPLIST_KEY_UISupportedInterfaceOrientations_iPad = "UIInterfaceOrientationPortrait UIInterfaceOrientationPortraitUpsideDown UIInterfaceOrientationLandscapeLeft UIInterfaceOrientationLandscapeRight";
				INFOPLIST_KEY_UISupportedInterfaceOrientations_iPhone = UIInterfaceOrientationPortrait;
				IPHONEOS_DEPLOYMENT_TARGET = 13.0;
				LD_RUNPATH_SEARCH_PATHS = (
					"$(inherited)",
					"@executable_path/Frameworks",
				);
				MARKETING_VERSION = 1.0;
				PRODUCT_BUNDLE_IDENTIFIER = ru.yandex.practicum.dmisuvorov.ImageFeed;
				PRODUCT_NAME = "$(TARGET_NAME)";
				SWIFT_EMIT_LOC_STRINGS = YES;
				SWIFT_VERSION = 5.0;
				TARGETED_DEVICE_FAMILY = 1;
			};
			name = Release;
		};
/* End XCBuildConfiguration section */

/* Begin XCConfigurationList section */
		62C3786A294CA31F0014BCD7 /* Build configuration list for PBXProject "ImageFeed" */ = {
			isa = XCConfigurationList;
			buildConfigurations = (
				62C37881294CA3220014BCD7 /* Debug */,
				62C37882294CA3220014BCD7 /* Release */,
			);
			defaultConfigurationIsVisible = 0;
			defaultConfigurationName = Release;
		};
		62C37883294CA3220014BCD7 /* Build configuration list for PBXNativeTarget "ImageFeed" */ = {
			isa = XCConfigurationList;
			buildConfigurations = (
				62C37884294CA3220014BCD7 /* Debug */,
				62C37885294CA3220014BCD7 /* Release */,
			);
			defaultConfigurationIsVisible = 0;
			defaultConfigurationName = Release;
		};
/* End XCConfigurationList section */
	};
	rootObject = 62C37867294CA31F0014BCD7 /* Project object */;
}
