// !$*UTF8*$!
{
	archiveVersion = 1;
	classes = {
	};
	objectVersion = 55;
	objects = {

/* Begin PBXBuildFile section */
		62A0205D2987D1280060664E /* AuthViewController.swift in Sources */ = {isa = PBXBuildFile; fileRef = 62A0205C2987D1280060664E /* AuthViewController.swift */; };
		62A0205F2987D3B20060664E /* WebViewViewController.swift in Sources */ = {isa = PBXBuildFile; fileRef = 62A0205E2987D3B20060664E /* WebViewViewController.swift */; };
		62A020612987DE4F0060664E /* AuthConfiguration.swift in Sources */ = {isa = PBXBuildFile; fileRef = 62A020602987DE4F0060664E /* AuthConfiguration.swift */; };
		62A020632987E1BC0060664E /* WebViewViewControllerDelegate.swift in Sources */ = {isa = PBXBuildFile; fileRef = 62A020622987E1BC0060664E /* WebViewViewControllerDelegate.swift */; };
		62A02070298BC81A0060664E /* OAuthTokenResponseBody.swift in Sources */ = {isa = PBXBuildFile; fileRef = 62A0206F298BC8190060664E /* OAuthTokenResponseBody.swift */; };
		62A0207E298BDAFE0060664E /* OAuth2Service.swift in Sources */ = {isa = PBXBuildFile; fileRef = 62A0207D298BDAFE0060664E /* OAuth2Service.swift */; };
		62A02084298C5C620060664E /* UrlRequest+Extensions.swift in Sources */ = {isa = PBXBuildFile; fileRef = 62A02083298C5C620060664E /* UrlRequest+Extensions.swift */; };
		62A02086298C63720060664E /* OAuth2TokenStorage.swift in Sources */ = {isa = PBXBuildFile; fileRef = 62A02085298C63720060664E /* OAuth2TokenStorage.swift */; };
		62A02088298C67DD0060664E /* UrlSession+Extenstions.swift in Sources */ = {isa = PBXBuildFile; fileRef = 62A02087298C67DD0060664E /* UrlSession+Extenstions.swift */; };
		62A0208A298D09610060664E /* NetworkError.swift in Sources */ = {isa = PBXBuildFile; fileRef = 62A02089298D09610060664E /* NetworkError.swift */; };
		62A0208D298D1E800060664E /* SplashViewController.swift in Sources */ = {isa = PBXBuildFile; fileRef = 62A0208C298D1E800060664E /* SplashViewController.swift */; };
		62A0208F298D393F0060664E /* AuthViewControllerDelegate.swift in Sources */ = {isa = PBXBuildFile; fileRef = 62A0208E298D393F0060664E /* AuthViewControllerDelegate.swift */; };
		62C37873294CA31F0014BCD7 /* AppDelegate.swift in Sources */ = {isa = PBXBuildFile; fileRef = 62C37872294CA31F0014BCD7 /* AppDelegate.swift */; };
		62C37875294CA31F0014BCD7 /* SceneDelegate.swift in Sources */ = {isa = PBXBuildFile; fileRef = 62C37874294CA31F0014BCD7 /* SceneDelegate.swift */; };
		62C37877294CA31F0014BCD7 /* ImageListViewController.swift in Sources */ = {isa = PBXBuildFile; fileRef = 62C37876294CA31F0014BCD7 /* ImageListViewController.swift */; };
		62C3787A294CA31F0014BCD7 /* Main.storyboard in Resources */ = {isa = PBXBuildFile; fileRef = 62C37878294CA31F0014BCD7 /* Main.storyboard */; };
		62C3787C294CA3220014BCD7 /* Assets.xcassets in Resources */ = {isa = PBXBuildFile; fileRef = 62C3787B294CA3220014BCD7 /* Assets.xcassets */; };
		62C3787F294CA3220014BCD7 /* LaunchScreen.storyboard in Resources */ = {isa = PBXBuildFile; fileRef = 62C3787D294CA3220014BCD7 /* LaunchScreen.storyboard */; };
		62CF1E69295B98FD006D9581 /* ImagesListCell.swift in Sources */ = {isa = PBXBuildFile; fileRef = 62CF1E68295B98FD006D9581 /* ImagesListCell.swift */; };
		62E3D528295DD04B007EB771 /* VerticalGradientView.swift in Sources */ = {isa = PBXBuildFile; fileRef = 62E3D527295DD04B007EB771 /* VerticalGradientView.swift */; };
		62EABAA12996E9200054F97A /* ProgressHUD in Frameworks */ = {isa = PBXBuildFile; productRef = 62EABAA02996E9200054F97A /* ProgressHUD */; };
		62EABAA3299A6D090054F97A /* UIBlockingProgressHUD.swift in Sources */ = {isa = PBXBuildFile; fileRef = 62EABAA2299A6D090054F97A /* UIBlockingProgressHUD.swift */; };
		62EABAA5299ABAF30054F97A /* ProfileService.swift in Sources */ = {isa = PBXBuildFile; fileRef = 62EABAA4299ABAF20054F97A /* ProfileService.swift */; };
		62EABAA7299ABB210054F97A /* ProfileResult.swift in Sources */ = {isa = PBXBuildFile; fileRef = 62EABAA6299ABB210054F97A /* ProfileResult.swift */; };
		62EABAAA299ABB690054F97A /* Profile.swift in Sources */ = {isa = PBXBuildFile; fileRef = 62EABAA9299ABB690054F97A /* Profile.swift */; };
		62EABAAC299B8C9A0054F97A /* ProfileImageService.swift in Sources */ = {isa = PBXBuildFile; fileRef = 62EABAAB299B8C9A0054F97A /* ProfileImageService.swift */; };
		62EABAAE299B8CDD0054F97A /* UserResult+ProfileImage.swift in Sources */ = {isa = PBXBuildFile; fileRef = 62EABAAD299B8CDD0054F97A /* UserResult+ProfileImage.swift */; };
		62EABAB5299CD3CA0054F97A /* AlertPresenter.swift in Sources */ = {isa = PBXBuildFile; fileRef = 62EABAB4299CD3CA0054F97A /* AlertPresenter.swift */; };
		62EABAB8299D84B20054F97A /* Kingfisher in Frameworks */ = {isa = PBXBuildFile; productRef = 62EABAB7299D84B20054F97A /* Kingfisher */; };
		62EABABB299EB0910054F97A /* SwiftKeychainWrapper in Frameworks */ = {isa = PBXBuildFile; productRef = 62EABABA299EB0910054F97A /* SwiftKeychainWrapper */; };
		62EABABE29A0DC7D0054F97A /* TabBarViewController.swift in Sources */ = {isa = PBXBuildFile; fileRef = 62EABABD29A0DC7D0054F97A /* TabBarViewController.swift */; };
		62EABAC029A367760054F97A /* Photo.swift in Sources */ = {isa = PBXBuildFile; fileRef = 62EABABF29A367760054F97A /* Photo.swift */; };
		62EABAC229A367EC0054F97A /* ImagesListService.swift in Sources */ = {isa = PBXBuildFile; fileRef = 62EABAC129A367EC0054F97A /* ImagesListService.swift */; };
		62EABAC429A36F730054F97A /* PhotoResult.swift in Sources */ = {isa = PBXBuildFile; fileRef = 62EABAC329A36F730054F97A /* PhotoResult.swift */; };
		62EABAC629A3F9470054F97A /* Array+Extensions.swift in Sources */ = {isa = PBXBuildFile; fileRef = 62EABAC529A3F9470054F97A /* Array+Extensions.swift */; };
		62EABAC829A542C00054F97A /* LikeResult.swift in Sources */ = {isa = PBXBuildFile; fileRef = 62EABAC729A542C00054F97A /* LikeResult.swift */; };
		62EABACA29A54B220054F97A /* ImageListCellDelegate.swift in Sources */ = {isa = PBXBuildFile; fileRef = 62EABAC929A54B220054F97A /* ImageListCellDelegate.swift */; };
		62EABACC29AE8C4D0054F97A /* DateHelper.swift in Sources */ = {isa = PBXBuildFile; fileRef = 62EABACB29AE8C4C0054F97A /* DateHelper.swift */; };
		62EABACE29BB703D0054F97A /* WebViewViewControllerProtocol.swift in Sources */ = {isa = PBXBuildFile; fileRef = 62EABACD29BB703C0054F97A /* WebViewViewControllerProtocol.swift */; };
		62EABAD029BB70740054F97A /* WebViewPresenterProtocol.swift in Sources */ = {isa = PBXBuildFile; fileRef = 62EABACF29BB70740054F97A /* WebViewPresenterProtocol.swift */; };
		62EABAD329BB70C30054F97A /* WebViewPresenter.swift in Sources */ = {isa = PBXBuildFile; fileRef = 62EABAD229BB70C30054F97A /* WebViewPresenter.swift */; };
		62EABAD529BFC40C0054F97A /* AuthHelper.swift in Sources */ = {isa = PBXBuildFile; fileRef = 62EABAD429BFC40C0054F97A /* AuthHelper.swift */; };
		62EABADD29C087610054F97A /* WebViewTests.swift in Sources */ = {isa = PBXBuildFile; fileRef = 62EABADC29C087610054F97A /* WebViewTests.swift */; };
		62EABAE429C089550054F97A /* WebViewPresenterSpy.swift in Sources */ = {isa = PBXBuildFile; fileRef = 62EABAE329C089550054F97A /* WebViewPresenterSpy.swift */; };
		62EABAE629C08B740054F97A /* WebViewViewControllerSpy.swift in Sources */ = {isa = PBXBuildFile; fileRef = 62EABAE529C08B740054F97A /* WebViewViewControllerSpy.swift */; };
		62EABAE829C08C170054F97A /* AuthHelperTests.swift in Sources */ = {isa = PBXBuildFile; fileRef = 62EABAE729C08C170054F97A /* AuthHelperTests.swift */; };
		62EABAF029C08ECB0054F97A /* ImageFeedUITests.swift in Sources */ = {isa = PBXBuildFile; fileRef = 62EABAEF29C08ECB0054F97A /* ImageFeedUITests.swift */; };
		62EABAF229C08ECB0054F97A /* ImageFeedUITestsLaunchTests.swift in Sources */ = {isa = PBXBuildFile; fileRef = 62EABAF129C08ECB0054F97A /* ImageFeedUITestsLaunchTests.swift */; };
		62EABAFB29C377E50054F97A /* ProfilePresenter.swift in Sources */ = {isa = PBXBuildFile; fileRef = 62EABAFA29C377E50054F97A /* ProfilePresenter.swift */; };
		62EABAFD29C378170054F97A /* ProfilePresenterProtocol.swift in Sources */ = {isa = PBXBuildFile; fileRef = 62EABAFC29C378170054F97A /* ProfilePresenterProtocol.swift */; };
		62EABAFF29C378450054F97A /* ProfileViewControllerProtocol.swift in Sources */ = {isa = PBXBuildFile; fileRef = 62EABAFE29C378450054F97A /* ProfileViewControllerProtocol.swift */; };
		62EABB0129C3C6750054F97A /* ProfileTests.swift in Sources */ = {isa = PBXBuildFile; fileRef = 62EABB0029C3C6750054F97A /* ProfileTests.swift */; };
		62EABB0329C3C6C40054F97A /* ProfilePresenterSpy.swift in Sources */ = {isa = PBXBuildFile; fileRef = 62EABB0229C3C6C40054F97A /* ProfilePresenterSpy.swift */; };
		62EABB0529C3C81D0054F97A /* ProfileViewControllerSpy.swift in Sources */ = {isa = PBXBuildFile; fileRef = 62EABB0429C3C81D0054F97A /* ProfileViewControllerSpy.swift */; };
		62EABB0729C64F070054F97A /* ImageListPresenter.swift in Sources */ = {isa = PBXBuildFile; fileRef = 62EABB0629C64F060054F97A /* ImageListPresenter.swift */; };
		62EABB0929C650C10054F97A /* ImageListPresenterProtocol.swift in Sources */ = {isa = PBXBuildFile; fileRef = 62EABB0829C650C10054F97A /* ImageListPresenterProtocol.swift */; };
		62EABB0B29C655960054F97A /* ImageListViewControllerProtocol.swift in Sources */ = {isa = PBXBuildFile; fileRef = 62EABB0A29C655960054F97A /* ImageListViewControllerProtocol.swift */; };
		62EB1D9229756285002A198E /* SingleImageViewController.swift in Sources */ = {isa = PBXBuildFile; fileRef = 62EB1D9129756285002A198E /* SingleImageViewController.swift */; };
		62EB1D95297DD6AE002A198E /* ProfileViewController.swift in Sources */ = {isa = PBXBuildFile; fileRef = 62EB1D94297DD6AE002A198E /* ProfileViewController.swift */; };
		62EB1D98297DE072002A198E /* Colors.swift in Sources */ = {isa = PBXBuildFile; fileRef = 62EB1D97297DE071002A198E /* Colors.swift */; };
		62EB1D9E297E78D4002A198E /* YSDisplay-Bold.ttf in Resources */ = {isa = PBXBuildFile; fileRef = 62EB1D9B297E78D4002A198E /* YSDisplay-Bold.ttf */; };
		62EB1D9F297E78D4002A198E /* YSDisplay-Medium.ttf in Resources */ = {isa = PBXBuildFile; fileRef = 62EB1D9C297E78D4002A198E /* YSDisplay-Medium.ttf */; };
		62EB1DA0297E78D4002A198E /* YSDisplay-Regular.ttf in Resources */ = {isa = PBXBuildFile; fileRef = 62EB1D9D297E78D4002A198E /* YSDisplay-Regular.ttf */; };
		62EB1DA2297E7968002A198E /* Fonts.swift in Sources */ = {isa = PBXBuildFile; fileRef = 62EB1DA1297E7968002A198E /* Fonts.swift */; };
		62EB1DA4297E8B98002A198E /* UIView+LayoutConstraint.swift in Sources */ = {isa = PBXBuildFile; fileRef = 62EB1DA3297E8B98002A198E /* UIView+LayoutConstraint.swift */; };
/* End PBXBuildFile section */

/* Begin PBXContainerItemProxy section */
		62EABADE29C087610054F97A /* PBXContainerItemProxy */ = {
			isa = PBXContainerItemProxy;
			containerPortal = 62C37867294CA31F0014BCD7 /* Project object */;
			proxyType = 1;
			remoteGlobalIDString = 62C3786E294CA31F0014BCD7;
			remoteInfo = ImageFeed;
		};
		62EABAF329C08ECB0054F97A /* PBXContainerItemProxy */ = {
			isa = PBXContainerItemProxy;
			containerPortal = 62C37867294CA31F0014BCD7 /* Project object */;
			proxyType = 1;
			remoteGlobalIDString = 62C3786E294CA31F0014BCD7;
			remoteInfo = ImageFeed;
		};
/* End PBXContainerItemProxy section */

/* Begin PBXFileReference section */
		62A0205C2987D1280060664E /* AuthViewController.swift */ = {isa = PBXFileReference; lastKnownFileType = sourcecode.swift; path = AuthViewController.swift; sourceTree = "<group>"; };
		62A0205E2987D3B20060664E /* WebViewViewController.swift */ = {isa = PBXFileReference; lastKnownFileType = sourcecode.swift; path = WebViewViewController.swift; sourceTree = "<group>"; };
		62A020602987DE4F0060664E /* AuthConfiguration.swift */ = {isa = PBXFileReference; lastKnownFileType = sourcecode.swift; path = AuthConfiguration.swift; sourceTree = "<group>"; };
		62A020622987E1BC0060664E /* WebViewViewControllerDelegate.swift */ = {isa = PBXFileReference; lastKnownFileType = sourcecode.swift; path = WebViewViewControllerDelegate.swift; sourceTree = "<group>"; };
		62A0206F298BC8190060664E /* OAuthTokenResponseBody.swift */ = {isa = PBXFileReference; lastKnownFileType = sourcecode.swift; path = OAuthTokenResponseBody.swift; sourceTree = "<group>"; };
		62A0207D298BDAFE0060664E /* OAuth2Service.swift */ = {isa = PBXFileReference; lastKnownFileType = sourcecode.swift; path = OAuth2Service.swift; sourceTree = "<group>"; };
		62A02083298C5C620060664E /* UrlRequest+Extensions.swift */ = {isa = PBXFileReference; lastKnownFileType = sourcecode.swift; path = "UrlRequest+Extensions.swift"; sourceTree = "<group>"; };
		62A02085298C63720060664E /* OAuth2TokenStorage.swift */ = {isa = PBXFileReference; lastKnownFileType = sourcecode.swift; path = OAuth2TokenStorage.swift; sourceTree = "<group>"; };
		62A02087298C67DD0060664E /* UrlSession+Extenstions.swift */ = {isa = PBXFileReference; lastKnownFileType = sourcecode.swift; path = "UrlSession+Extenstions.swift"; sourceTree = "<group>"; };
		62A02089298D09610060664E /* NetworkError.swift */ = {isa = PBXFileReference; lastKnownFileType = sourcecode.swift; path = NetworkError.swift; sourceTree = "<group>"; };
		62A0208C298D1E800060664E /* SplashViewController.swift */ = {isa = PBXFileReference; lastKnownFileType = sourcecode.swift; path = SplashViewController.swift; sourceTree = "<group>"; };
		62A0208E298D393F0060664E /* AuthViewControllerDelegate.swift */ = {isa = PBXFileReference; lastKnownFileType = sourcecode.swift; path = AuthViewControllerDelegate.swift; sourceTree = "<group>"; };
		62C3786F294CA31F0014BCD7 /* ImageFeed.app */ = {isa = PBXFileReference; explicitFileType = wrapper.application; includeInIndex = 0; path = ImageFeed.app; sourceTree = BUILT_PRODUCTS_DIR; };
		62C37872294CA31F0014BCD7 /* AppDelegate.swift */ = {isa = PBXFileReference; lastKnownFileType = sourcecode.swift; path = AppDelegate.swift; sourceTree = "<group>"; };
		62C37874294CA31F0014BCD7 /* SceneDelegate.swift */ = {isa = PBXFileReference; lastKnownFileType = sourcecode.swift; path = SceneDelegate.swift; sourceTree = "<group>"; };
		62C37876294CA31F0014BCD7 /* ImageListViewController.swift */ = {isa = PBXFileReference; lastKnownFileType = sourcecode.swift; path = ImageListViewController.swift; sourceTree = "<group>"; };
		62C37879294CA31F0014BCD7 /* Base */ = {isa = PBXFileReference; lastKnownFileType = file.storyboard; name = Base; path = Base.lproj/Main.storyboard; sourceTree = "<group>"; };
		62C3787B294CA3220014BCD7 /* Assets.xcassets */ = {isa = PBXFileReference; lastKnownFileType = folder.assetcatalog; path = Assets.xcassets; sourceTree = "<group>"; };
		62C3787E294CA3220014BCD7 /* Base */ = {isa = PBXFileReference; lastKnownFileType = file.storyboard; name = Base; path = Base.lproj/LaunchScreen.storyboard; sourceTree = "<group>"; };
		62C37880294CA3220014BCD7 /* Info.plist */ = {isa = PBXFileReference; lastKnownFileType = text.plist.xml; path = Info.plist; sourceTree = "<group>"; };
		62CF1E68295B98FD006D9581 /* ImagesListCell.swift */ = {isa = PBXFileReference; lastKnownFileType = sourcecode.swift; path = ImagesListCell.swift; sourceTree = "<group>"; };
		62E3D527295DD04B007EB771 /* VerticalGradientView.swift */ = {isa = PBXFileReference; lastKnownFileType = sourcecode.swift; path = VerticalGradientView.swift; sourceTree = "<group>"; };
		62EABAA2299A6D090054F97A /* UIBlockingProgressHUD.swift */ = {isa = PBXFileReference; lastKnownFileType = sourcecode.swift; path = UIBlockingProgressHUD.swift; sourceTree = "<group>"; };
		62EABAA4299ABAF20054F97A /* ProfileService.swift */ = {isa = PBXFileReference; lastKnownFileType = sourcecode.swift; path = ProfileService.swift; sourceTree = "<group>"; };
		62EABAA6299ABB210054F97A /* ProfileResult.swift */ = {isa = PBXFileReference; lastKnownFileType = sourcecode.swift; path = ProfileResult.swift; sourceTree = "<group>"; };
		62EABAA9299ABB690054F97A /* Profile.swift */ = {isa = PBXFileReference; lastKnownFileType = sourcecode.swift; path = Profile.swift; sourceTree = "<group>"; };
		62EABAAB299B8C9A0054F97A /* ProfileImageService.swift */ = {isa = PBXFileReference; lastKnownFileType = sourcecode.swift; path = ProfileImageService.swift; sourceTree = "<group>"; };
		62EABAAD299B8CDD0054F97A /* UserResult+ProfileImage.swift */ = {isa = PBXFileReference; lastKnownFileType = sourcecode.swift; path = "UserResult+ProfileImage.swift"; sourceTree = "<group>"; };
		62EABAB4299CD3CA0054F97A /* AlertPresenter.swift */ = {isa = PBXFileReference; lastKnownFileType = sourcecode.swift; path = AlertPresenter.swift; sourceTree = "<group>"; };
		62EABABD29A0DC7D0054F97A /* TabBarViewController.swift */ = {isa = PBXFileReference; lastKnownFileType = sourcecode.swift; path = TabBarViewController.swift; sourceTree = "<group>"; };
		62EABABF29A367760054F97A /* Photo.swift */ = {isa = PBXFileReference; lastKnownFileType = sourcecode.swift; path = Photo.swift; sourceTree = "<group>"; };
		62EABAC129A367EC0054F97A /* ImagesListService.swift */ = {isa = PBXFileReference; lastKnownFileType = sourcecode.swift; path = ImagesListService.swift; sourceTree = "<group>"; };
		62EABAC329A36F730054F97A /* PhotoResult.swift */ = {isa = PBXFileReference; lastKnownFileType = sourcecode.swift; path = PhotoResult.swift; sourceTree = "<group>"; };
		62EABAC529A3F9470054F97A /* Array+Extensions.swift */ = {isa = PBXFileReference; lastKnownFileType = sourcecode.swift; path = "Array+Extensions.swift"; sourceTree = "<group>"; };
		62EABAC729A542C00054F97A /* LikeResult.swift */ = {isa = PBXFileReference; lastKnownFileType = sourcecode.swift; path = LikeResult.swift; sourceTree = "<group>"; };
		62EABAC929A54B220054F97A /* ImageListCellDelegate.swift */ = {isa = PBXFileReference; lastKnownFileType = sourcecode.swift; path = ImageListCellDelegate.swift; sourceTree = "<group>"; };
		62EABACB29AE8C4C0054F97A /* DateHelper.swift */ = {isa = PBXFileReference; lastKnownFileType = sourcecode.swift; path = DateHelper.swift; sourceTree = "<group>"; };
		62EABACD29BB703C0054F97A /* WebViewViewControllerProtocol.swift */ = {isa = PBXFileReference; lastKnownFileType = sourcecode.swift; path = WebViewViewControllerProtocol.swift; sourceTree = "<group>"; };
		62EABACF29BB70740054F97A /* WebViewPresenterProtocol.swift */ = {isa = PBXFileReference; lastKnownFileType = sourcecode.swift; path = WebViewPresenterProtocol.swift; sourceTree = "<group>"; };
		62EABAD229BB70C30054F97A /* WebViewPresenter.swift */ = {isa = PBXFileReference; lastKnownFileType = sourcecode.swift; path = WebViewPresenter.swift; sourceTree = "<group>"; };
		62EABAD429BFC40C0054F97A /* AuthHelper.swift */ = {isa = PBXFileReference; lastKnownFileType = sourcecode.swift; path = AuthHelper.swift; sourceTree = "<group>"; };
		62EABADA29C087610054F97A /* ImageFeedTests.xctest */ = {isa = PBXFileReference; explicitFileType = wrapper.cfbundle; includeInIndex = 0; path = ImageFeedTests.xctest; sourceTree = BUILT_PRODUCTS_DIR; };
		62EABADC29C087610054F97A /* WebViewTests.swift */ = {isa = PBXFileReference; lastKnownFileType = sourcecode.swift; path = WebViewTests.swift; sourceTree = "<group>"; };
		62EABAE329C089550054F97A /* WebViewPresenterSpy.swift */ = {isa = PBXFileReference; lastKnownFileType = sourcecode.swift; path = WebViewPresenterSpy.swift; sourceTree = "<group>"; };
		62EABAE529C08B740054F97A /* WebViewViewControllerSpy.swift */ = {isa = PBXFileReference; lastKnownFileType = sourcecode.swift; path = WebViewViewControllerSpy.swift; sourceTree = "<group>"; };
		62EABAE729C08C170054F97A /* AuthHelperTests.swift */ = {isa = PBXFileReference; lastKnownFileType = sourcecode.swift; path = AuthHelperTests.swift; sourceTree = "<group>"; };
		62EABAED29C08ECB0054F97A /* ImageFeedUITests.xctest */ = {isa = PBXFileReference; explicitFileType = wrapper.cfbundle; includeInIndex = 0; path = ImageFeedUITests.xctest; sourceTree = BUILT_PRODUCTS_DIR; };
		62EABAEF29C08ECB0054F97A /* ImageFeedUITests.swift */ = {isa = PBXFileReference; lastKnownFileType = sourcecode.swift; path = ImageFeedUITests.swift; sourceTree = "<group>"; };
		62EABAF129C08ECB0054F97A /* ImageFeedUITestsLaunchTests.swift */ = {isa = PBXFileReference; lastKnownFileType = sourcecode.swift; path = ImageFeedUITestsLaunchTests.swift; sourceTree = "<group>"; };
		62EABAFA29C377E50054F97A /* ProfilePresenter.swift */ = {isa = PBXFileReference; lastKnownFileType = sourcecode.swift; path = ProfilePresenter.swift; sourceTree = "<group>"; };
		62EABAFC29C378170054F97A /* ProfilePresenterProtocol.swift */ = {isa = PBXFileReference; lastKnownFileType = sourcecode.swift; path = ProfilePresenterProtocol.swift; sourceTree = "<group>"; };
		62EABAFE29C378450054F97A /* ProfileViewControllerProtocol.swift */ = {isa = PBXFileReference; lastKnownFileType = sourcecode.swift; path = ProfileViewControllerProtocol.swift; sourceTree = "<group>"; };
		62EABB0029C3C6750054F97A /* ProfileTests.swift */ = {isa = PBXFileReference; lastKnownFileType = sourcecode.swift; path = ProfileTests.swift; sourceTree = "<group>"; };
		62EABB0229C3C6C40054F97A /* ProfilePresenterSpy.swift */ = {isa = PBXFileReference; lastKnownFileType = sourcecode.swift; path = ProfilePresenterSpy.swift; sourceTree = "<group>"; };
		62EABB0429C3C81D0054F97A /* ProfileViewControllerSpy.swift */ = {isa = PBXFileReference; lastKnownFileType = sourcecode.swift; path = ProfileViewControllerSpy.swift; sourceTree = "<group>"; };
		62EABB0629C64F060054F97A /* ImageListPresenter.swift */ = {isa = PBXFileReference; lastKnownFileType = sourcecode.swift; path = ImageListPresenter.swift; sourceTree = "<group>"; };
		62EABB0829C650C10054F97A /* ImageListPresenterProtocol.swift */ = {isa = PBXFileReference; lastKnownFileType = sourcecode.swift; path = ImageListPresenterProtocol.swift; sourceTree = "<group>"; };
		62EABB0A29C655960054F97A /* ImageListViewControllerProtocol.swift */ = {isa = PBXFileReference; lastKnownFileType = sourcecode.swift; path = ImageListViewControllerProtocol.swift; sourceTree = "<group>"; };
		62EB1D9129756285002A198E /* SingleImageViewController.swift */ = {isa = PBXFileReference; lastKnownFileType = sourcecode.swift; path = SingleImageViewController.swift; sourceTree = "<group>"; };
		62EB1D94297DD6AE002A198E /* ProfileViewController.swift */ = {isa = PBXFileReference; lastKnownFileType = sourcecode.swift; path = ProfileViewController.swift; sourceTree = "<group>"; };
		62EB1D97297DE071002A198E /* Colors.swift */ = {isa = PBXFileReference; lastKnownFileType = sourcecode.swift; path = Colors.swift; sourceTree = "<group>"; };
		62EB1D9B297E78D4002A198E /* YSDisplay-Bold.ttf */ = {isa = PBXFileReference; lastKnownFileType = file; path = "YSDisplay-Bold.ttf"; sourceTree = "<group>"; };
		62EB1D9C297E78D4002A198E /* YSDisplay-Medium.ttf */ = {isa = PBXFileReference; lastKnownFileType = file; path = "YSDisplay-Medium.ttf"; sourceTree = "<group>"; };
		62EB1D9D297E78D4002A198E /* YSDisplay-Regular.ttf */ = {isa = PBXFileReference; lastKnownFileType = file; path = "YSDisplay-Regular.ttf"; sourceTree = "<group>"; };
		62EB1DA1297E7968002A198E /* Fonts.swift */ = {isa = PBXFileReference; lastKnownFileType = sourcecode.swift; path = Fonts.swift; sourceTree = "<group>"; };
		62EB1DA3297E8B98002A198E /* UIView+LayoutConstraint.swift */ = {isa = PBXFileReference; lastKnownFileType = sourcecode.swift; path = "UIView+LayoutConstraint.swift"; sourceTree = "<group>"; };
/* End PBXFileReference section */

/* Begin PBXFrameworksBuildPhase section */
		62C3786C294CA31F0014BCD7 /* Frameworks */ = {
			isa = PBXFrameworksBuildPhase;
			buildActionMask = 2147483647;
			files = (
				62EABAB8299D84B20054F97A /* Kingfisher in Frameworks */,
				62EABAA12996E9200054F97A /* ProgressHUD in Frameworks */,
				62EABABB299EB0910054F97A /* SwiftKeychainWrapper in Frameworks */,
			);
			runOnlyForDeploymentPostprocessing = 0;
		};
		62EABAD729C087600054F97A /* Frameworks */ = {
			isa = PBXFrameworksBuildPhase;
			buildActionMask = 2147483647;
			files = (
			);
			runOnlyForDeploymentPostprocessing = 0;
		};
		62EABAEA29C08ECB0054F97A /* Frameworks */ = {
			isa = PBXFrameworksBuildPhase;
			buildActionMask = 2147483647;
			files = (
			);
			runOnlyForDeploymentPostprocessing = 0;
		};
/* End PBXFrameworksBuildPhase section */

/* Begin PBXGroup section */
		62A0205B2987D1110060664E /* Auth */ = {
			isa = PBXGroup;
			children = (
				62EABAD129BB70850054F97A /* WebView */,
				62A0205C2987D1280060664E /* AuthViewController.swift */,
				62A0208E298D393F0060664E /* AuthViewControllerDelegate.swift */,
			);
			path = Auth;
			sourceTree = "<group>";
		};
		62A0206E298BC8010060664E /* Models */ = {
			isa = PBXGroup;
			children = (
				62A0206F298BC8190060664E /* OAuthTokenResponseBody.swift */,
				62A02089298D09610060664E /* NetworkError.swift */,
				62EABAA6299ABB210054F97A /* ProfileResult.swift */,
				62EABAAD299B8CDD0054F97A /* UserResult+ProfileImage.swift */,
				62EABAC329A36F730054F97A /* PhotoResult.swift */,
				62EABAC729A542C00054F97A /* LikeResult.swift */,
			);
			path = Models;
			sourceTree = "<group>";
		};
		62A0207C298BDAEA0060664E /* Services */ = {
			isa = PBXGroup;
			children = (
				62A0207D298BDAFE0060664E /* OAuth2Service.swift */,
				62A02085298C63720060664E /* OAuth2TokenStorage.swift */,
				62EABAA4299ABAF20054F97A /* ProfileService.swift */,
				62EABAAB299B8C9A0054F97A /* ProfileImageService.swift */,
				62EABAC129A367EC0054F97A /* ImagesListService.swift */,
			);
			path = Services;
			sourceTree = "<group>";
		};
		62A0208B298D1E670060664E /* Splash */ = {
			isa = PBXGroup;
			children = (
				62A0208C298D1E800060664E /* SplashViewController.swift */,
			);
			path = Splash;
			sourceTree = "<group>";
		};
		62C37866294CA31F0014BCD7 = {
			isa = PBXGroup;
			children = (
				62C37871294CA31F0014BCD7 /* ImageFeed */,
				62EABADB29C087610054F97A /* ImageFeedTests */,
				62EABAEE29C08ECB0054F97A /* ImageFeedUITests */,
				62C37870294CA31F0014BCD7 /* Products */,
			);
			sourceTree = "<group>";
		};
		62C37870294CA31F0014BCD7 /* Products */ = {
			isa = PBXGroup;
			children = (
				62C3786F294CA31F0014BCD7 /* ImageFeed.app */,
				62EABADA29C087610054F97A /* ImageFeedTests.xctest */,
				62EABAED29C08ECB0054F97A /* ImageFeedUITests.xctest */,
			);
			name = Products;
			sourceTree = "<group>";
		};
		62C37871294CA31F0014BCD7 /* ImageFeed */ = {
			isa = PBXGroup;
			children = (
				62A0207C298BDAEA0060664E /* Services */,
				62A0206E298BC8010060664E /* Models */,
				62EB1D99297E7882002A198E /* Resources */,
				62EB1D96297DDAD8002A198E /* Helpers */,
				62CF1E66295B9611006D9581 /* Presentation */,
				62C37872294CA31F0014BCD7 /* AppDelegate.swift */,
				62C37874294CA31F0014BCD7 /* SceneDelegate.swift */,
				62C3787B294CA3220014BCD7 /* Assets.xcassets */,
				62C3787D294CA3220014BCD7 /* LaunchScreen.storyboard */,
				62C37880294CA3220014BCD7 /* Info.plist */,
			);
			path = ImageFeed;
			sourceTree = "<group>";
		};
		62CF1E66295B9611006D9581 /* Presentation */ = {
			isa = PBXGroup;
			children = (
				62EABABC29A0DC590054F97A /* TabBar */,
				62EABAB3299CD2F70054F97A /* Alert */,
				62EABAA8299ABB4E0054F97A /* Models */,
				62C37878294CA31F0014BCD7 /* Main.storyboard */,
				62A0208B298D1E670060664E /* Splash */,
				62A0205B2987D1110060664E /* Auth */,
				62EB1D93297DD685002A198E /* Profile */,
				62EB1D902975625F002A198E /* SingleImage */,
				62E3D526295DD035007EB771 /* Custom */,
				62CF1E67295B962A006D9581 /* ImagesList */,
			);
			path = Presentation;
			sourceTree = "<group>";
		};
		62CF1E67295B962A006D9581 /* ImagesList */ = {
			isa = PBXGroup;
			children = (
				62C37876294CA31F0014BCD7 /* ImageListViewController.swift */,
				62CF1E68295B98FD006D9581 /* ImagesListCell.swift */,
				62EABAC929A54B220054F97A /* ImageListCellDelegate.swift */,
				62EABB0629C64F060054F97A /* ImageListPresenter.swift */,
				62EABB0829C650C10054F97A /* ImageListPresenterProtocol.swift */,
				62EABB0A29C655960054F97A /* ImageListViewControllerProtocol.swift */,
			);
			path = ImagesList;
			sourceTree = "<group>";
		};
		62E3D526295DD035007EB771 /* Custom */ = {
			isa = PBXGroup;
			children = (
				62E3D527295DD04B007EB771 /* VerticalGradientView.swift */,
			);
			path = Custom;
			sourceTree = "<group>";
		};
		62EABAA8299ABB4E0054F97A /* Models */ = {
			isa = PBXGroup;
			children = (
				62EABABF29A367760054F97A /* Photo.swift */,
				62EABAA9299ABB690054F97A /* Profile.swift */,
			);
			path = Models;
			sourceTree = "<group>";
		};
		62EABAB3299CD2F70054F97A /* Alert */ = {
			isa = PBXGroup;
			children = (
				62EABAB4299CD3CA0054F97A /* AlertPresenter.swift */,
			);
			path = Alert;
			sourceTree = "<group>";
		};
		62EABABC29A0DC590054F97A /* TabBar */ = {
			isa = PBXGroup;
			children = (
				62EABABD29A0DC7D0054F97A /* TabBarViewController.swift */,
			);
			path = TabBar;
			sourceTree = "<group>";
		};
		62EABAD129BB70850054F97A /* WebView */ = {
			isa = PBXGroup;
			children = (
				62A0205E2987D3B20060664E /* WebViewViewController.swift */,
				62A020622987E1BC0060664E /* WebViewViewControllerDelegate.swift */,
				62EABACD29BB703C0054F97A /* WebViewViewControllerProtocol.swift */,
				62EABACF29BB70740054F97A /* WebViewPresenterProtocol.swift */,
				62EABAD229BB70C30054F97A /* WebViewPresenter.swift */,
			);
			path = WebView;
			sourceTree = "<group>";
		};
		62EABADB29C087610054F97A /* ImageFeedTests */ = {
			isa = PBXGroup;
			children = (
				62EABADC29C087610054F97A /* WebViewTests.swift */,
				62EABAE329C089550054F97A /* WebViewPresenterSpy.swift */,
				62EABAE529C08B740054F97A /* WebViewViewControllerSpy.swift */,
				62EABAE729C08C170054F97A /* AuthHelperTests.swift */,
				62EABB0029C3C6750054F97A /* ProfileTests.swift */,
				62EABB0229C3C6C40054F97A /* ProfilePresenterSpy.swift */,
				62EABB0429C3C81D0054F97A /* ProfileViewControllerSpy.swift */,
			);
			path = ImageFeedTests;
			sourceTree = "<group>";
		};
		62EABAEE29C08ECB0054F97A /* ImageFeedUITests */ = {
			isa = PBXGroup;
			children = (
				62EABAEF29C08ECB0054F97A /* ImageFeedUITests.swift */,
				62EABAF129C08ECB0054F97A /* ImageFeedUITestsLaunchTests.swift */,
			);
			path = ImageFeedUITests;
			sourceTree = "<group>";
		};
		62EB1D902975625F002A198E /* SingleImage */ = {
			isa = PBXGroup;
			children = (
				62EB1D9129756285002A198E /* SingleImageViewController.swift */,
			);
			path = SingleImage;
			sourceTree = "<group>";
		};
		62EB1D93297DD685002A198E /* Profile */ = {
			isa = PBXGroup;
			children = (
				62EB1D94297DD6AE002A198E /* ProfileViewController.swift */,
				62EABAFA29C377E50054F97A /* ProfilePresenter.swift */,
				62EABAFC29C378170054F97A /* ProfilePresenterProtocol.swift */,
				62EABAFE29C378450054F97A /* ProfileViewControllerProtocol.swift */,
			);
			path = Profile;
			sourceTree = "<group>";
		};
		62EB1D96297DDAD8002A198E /* Helpers */ = {
			isa = PBXGroup;
			children = (
				62EB1D97297DE071002A198E /* Colors.swift */,
				62EB1DA1297E7968002A198E /* Fonts.swift */,
				62EB1DA3297E8B98002A198E /* UIView+LayoutConstraint.swift */,
				62A020602987DE4F0060664E /* AuthConfiguration.swift */,
				62A02083298C5C620060664E /* UrlRequest+Extensions.swift */,
				62A02087298C67DD0060664E /* UrlSession+Extenstions.swift */,
				62EABAA2299A6D090054F97A /* UIBlockingProgressHUD.swift */,
				62EABAC529A3F9470054F97A /* Array+Extensions.swift */,
				62EABACB29AE8C4C0054F97A /* DateHelper.swift */,
				62EABAD429BFC40C0054F97A /* AuthHelper.swift */,
			);
			path = Helpers;
			sourceTree = "<group>";
		};
		62EB1D99297E7882002A198E /* Resources */ = {
			isa = PBXGroup;
			children = (
				62EB1D9A297E78B1002A198E /* Font */,
			);
			path = Resources;
			sourceTree = "<group>";
		};
		62EB1D9A297E78B1002A198E /* Font */ = {
			isa = PBXGroup;
			children = (
				62EB1D9B297E78D4002A198E /* YSDisplay-Bold.ttf */,
				62EB1D9C297E78D4002A198E /* YSDisplay-Medium.ttf */,
				62EB1D9D297E78D4002A198E /* YSDisplay-Regular.ttf */,
			);
			path = Font;
			sourceTree = "<group>";
		};
/* End PBXGroup section */

/* Begin PBXNativeTarget section */
		62C3786E294CA31F0014BCD7 /* ImageFeed */ = {
			isa = PBXNativeTarget;
			buildConfigurationList = 62C37883294CA3220014BCD7 /* Build configuration list for PBXNativeTarget "ImageFeed" */;
			buildPhases = (
				62C3786B294CA31F0014BCD7 /* Sources */,
				62C3786C294CA31F0014BCD7 /* Frameworks */,
				62C3786D294CA31F0014BCD7 /* Resources */,
			);
			buildRules = (
			);
			dependencies = (
			);
			name = ImageFeed;
			packageProductDependencies = (
				62EABAA02996E9200054F97A /* ProgressHUD */,
				62EABAB7299D84B20054F97A /* Kingfisher */,
				62EABABA299EB0910054F97A /* SwiftKeychainWrapper */,
			);
			productName = ImageFeed;
			productReference = 62C3786F294CA31F0014BCD7 /* ImageFeed.app */;
			productType = "com.apple.product-type.application";
		};
		62EABAD929C087600054F97A /* ImageFeedTests */ = {
			isa = PBXNativeTarget;
			buildConfigurationList = 62EABAE029C087610054F97A /* Build configuration list for PBXNativeTarget "ImageFeedTests" */;
			buildPhases = (
				62EABAD629C087600054F97A /* Sources */,
				62EABAD729C087600054F97A /* Frameworks */,
				62EABAD829C087600054F97A /* Resources */,
			);
			buildRules = (
			);
			dependencies = (
				62EABADF29C087610054F97A /* PBXTargetDependency */,
			);
			name = ImageFeedTests;
			productName = ImageFeedTests;
			productReference = 62EABADA29C087610054F97A /* ImageFeedTests.xctest */;
			productType = "com.apple.product-type.bundle.unit-test";
		};
		62EABAEC29C08ECB0054F97A /* ImageFeedUITests */ = {
			isa = PBXNativeTarget;
			buildConfigurationList = 62EABAF529C08ECB0054F97A /* Build configuration list for PBXNativeTarget "ImageFeedUITests" */;
			buildPhases = (
				62EABAE929C08ECB0054F97A /* Sources */,
				62EABAEA29C08ECB0054F97A /* Frameworks */,
				62EABAEB29C08ECB0054F97A /* Resources */,
			);
			buildRules = (
			);
			dependencies = (
				62EABAF429C08ECB0054F97A /* PBXTargetDependency */,
			);
			name = ImageFeedUITests;
			productName = ImageFeedUITests;
			productReference = 62EABAED29C08ECB0054F97A /* ImageFeedUITests.xctest */;
			productType = "com.apple.product-type.bundle.ui-testing";
		};
/* End PBXNativeTarget section */

/* Begin PBXProject section */
		62C37867294CA31F0014BCD7 /* Project object */ = {
			isa = PBXProject;
			attributes = {
				BuildIndependentTargetsInParallel = 1;
				LastSwiftUpdateCheck = 1410;
				LastUpgradeCheck = 1330;
				TargetAttributes = {
					62C3786E294CA31F0014BCD7 = {
						CreatedOnToolsVersion = 13.3.1;
					};
					62EABAD929C087600054F97A = {
						CreatedOnToolsVersion = 14.1;
						TestTargetID = 62C3786E294CA31F0014BCD7;
					};
					62EABAEC29C08ECB0054F97A = {
						CreatedOnToolsVersion = 14.1;
						TestTargetID = 62C3786E294CA31F0014BCD7;
					};
				};
			};
			buildConfigurationList = 62C3786A294CA31F0014BCD7 /* Build configuration list for PBXProject "ImageFeed" */;
			compatibilityVersion = "Xcode 13.0";
			developmentRegion = en;
			hasScannedForEncodings = 0;
			knownRegions = (
				en,
				Base,
			);
			mainGroup = 62C37866294CA31F0014BCD7;
			packageReferences = (
				62EABA9F2996E9200054F97A /* XCRemoteSwiftPackageReference "ProgressHUD" */,
				62EABAB6299D84B20054F97A /* XCRemoteSwiftPackageReference "Kingfisher" */,
				62EABAB9299EB0910054F97A /* XCRemoteSwiftPackageReference "SwiftKeychainWrapper" */,
			);
			productRefGroup = 62C37870294CA31F0014BCD7 /* Products */;
			projectDirPath = "";
			projectRoot = "";
			targets = (
				62C3786E294CA31F0014BCD7 /* ImageFeed */,
				62EABAD929C087600054F97A /* ImageFeedTests */,
				62EABAEC29C08ECB0054F97A /* ImageFeedUITests */,
			);
		};
/* End PBXProject section */

/* Begin PBXResourcesBuildPhase section */
		62C3786D294CA31F0014BCD7 /* Resources */ = {
			isa = PBXResourcesBuildPhase;
			buildActionMask = 2147483647;
			files = (
				62EB1DA0297E78D4002A198E /* YSDisplay-Regular.ttf in Resources */,
				62C3787F294CA3220014BCD7 /* LaunchScreen.storyboard in Resources */,
				62C3787C294CA3220014BCD7 /* Assets.xcassets in Resources */,
				62EB1D9E297E78D4002A198E /* YSDisplay-Bold.ttf in Resources */,
				62EB1D9F297E78D4002A198E /* YSDisplay-Medium.ttf in Resources */,
				62C3787A294CA31F0014BCD7 /* Main.storyboard in Resources */,
			);
			runOnlyForDeploymentPostprocessing = 0;
		};
		62EABAD829C087600054F97A /* Resources */ = {
			isa = PBXResourcesBuildPhase;
			buildActionMask = 2147483647;
			files = (
			);
			runOnlyForDeploymentPostprocessing = 0;
		};
		62EABAEB29C08ECB0054F97A /* Resources */ = {
			isa = PBXResourcesBuildPhase;
			buildActionMask = 2147483647;
			files = (
			);
			runOnlyForDeploymentPostprocessing = 0;
		};
/* End PBXResourcesBuildPhase section */

/* Begin PBXSourcesBuildPhase section */
		62C3786B294CA31F0014BCD7 /* Sources */ = {
			isa = PBXSourcesBuildPhase;
			buildActionMask = 2147483647;
			files = (
				62EABAC429A36F730054F97A /* PhotoResult.swift in Sources */,
				62EABACC29AE8C4D0054F97A /* DateHelper.swift in Sources */,
				62A02084298C5C620060664E /* UrlRequest+Extensions.swift in Sources */,
				62A0205D2987D1280060664E /* AuthViewController.swift in Sources */,
				62C37877294CA31F0014BCD7 /* ImageListViewController.swift in Sources */,
				62EABACA29A54B220054F97A /* ImageListCellDelegate.swift in Sources */,
				62EABAAA299ABB690054F97A /* Profile.swift in Sources */,
				62A0207E298BDAFE0060664E /* OAuth2Service.swift in Sources */,
				62EABAA3299A6D090054F97A /* UIBlockingProgressHUD.swift in Sources */,
				62EB1DA4297E8B98002A198E /* UIView+LayoutConstraint.swift in Sources */,
				62EABAD329BB70C30054F97A /* WebViewPresenter.swift in Sources */,
				62EABB0729C64F070054F97A /* ImageListPresenter.swift in Sources */,
				62EABB0929C650C10054F97A /* ImageListPresenterProtocol.swift in Sources */,
				62EB1D98297DE072002A198E /* Colors.swift in Sources */,
				62CF1E69295B98FD006D9581 /* ImagesListCell.swift in Sources */,
				62EABB0B29C655960054F97A /* ImageListViewControllerProtocol.swift in Sources */,
				62EABAAE299B8CDD0054F97A /* UserResult+ProfileImage.swift in Sources */,
				62EABAA7299ABB210054F97A /* ProfileResult.swift in Sources */,
				62A020632987E1BC0060664E /* WebViewViewControllerDelegate.swift in Sources */,
				62EABAFD29C378170054F97A /* ProfilePresenterProtocol.swift in Sources */,
				62EABAC829A542C00054F97A /* LikeResult.swift in Sources */,
				62C37873294CA31F0014BCD7 /* AppDelegate.swift in Sources */,
				62A0208A298D09610060664E /* NetworkError.swift in Sources */,
				62EABAB5299CD3CA0054F97A /* AlertPresenter.swift in Sources */,
				62A02088298C67DD0060664E /* UrlSession+Extenstions.swift in Sources */,
				62C37875294CA31F0014BCD7 /* SceneDelegate.swift in Sources */,
				62EABAD029BB70740054F97A /* WebViewPresenterProtocol.swift in Sources */,
				62EABAC029A367760054F97A /* Photo.swift in Sources */,
				62EABAD529BFC40C0054F97A /* AuthHelper.swift in Sources */,
				62EABACE29BB703D0054F97A /* WebViewViewControllerProtocol.swift in Sources */,
				62A0208D298D1E800060664E /* SplashViewController.swift in Sources */,
				62EABAFF29C378450054F97A /* ProfileViewControllerProtocol.swift in Sources */,
				62A020612987DE4F0060664E /* AuthConfiguration.swift in Sources */,
				62EB1D95297DD6AE002A198E /* ProfileViewController.swift in Sources */,
				62EABAC229A367EC0054F97A /* ImagesListService.swift in Sources */,
				62A02086298C63720060664E /* OAuth2TokenStorage.swift in Sources */,
				62EABAA5299ABAF30054F97A /* ProfileService.swift in Sources */,
				62EABAC629A3F9470054F97A /* Array+Extensions.swift in Sources */,
				62EB1D9229756285002A198E /* SingleImageViewController.swift in Sources */,
				62EB1DA2297E7968002A198E /* Fonts.swift in Sources */,
				62A0208F298D393F0060664E /* AuthViewControllerDelegate.swift in Sources */,
				62A0205F2987D3B20060664E /* WebViewViewController.swift in Sources */,
				62EABAAC299B8C9A0054F97A /* ProfileImageService.swift in Sources */,
				62EABAFB29C377E50054F97A /* ProfilePresenter.swift in Sources */,
				62E3D528295DD04B007EB771 /* VerticalGradientView.swift in Sources */,
				62EABABE29A0DC7D0054F97A /* TabBarViewController.swift in Sources */,
				62A02070298BC81A0060664E /* OAuthTokenResponseBody.swift in Sources */,
			);
			runOnlyForDeploymentPostprocessing = 0;
		};
		62EABAD629C087600054F97A /* Sources */ = {
			isa = PBXSourcesBuildPhase;
			buildActionMask = 2147483647;
			files = (
				62EABADD29C087610054F97A /* WebViewTests.swift in Sources */,
				62EABAE829C08C170054F97A /* AuthHelperTests.swift in Sources */,
				62EABAE629C08B740054F97A /* WebViewViewControllerSpy.swift in Sources */,
				62EABB0129C3C6750054F97A /* ProfileTests.swift in Sources */,
				62EABB0529C3C81D0054F97A /* ProfileViewControllerSpy.swift in Sources */,
				62EABAE429C089550054F97A /* WebViewPresenterSpy.swift in Sources */,
				62EABB0329C3C6C40054F97A /* ProfilePresenterSpy.swift in Sources */,
			);
			runOnlyForDeploymentPostprocessing = 0;
		};
		62EABAE929C08ECB0054F97A /* Sources */ = {
			isa = PBXSourcesBuildPhase;
			buildActionMask = 2147483647;
			files = (
				62EABAF229C08ECB0054F97A /* ImageFeedUITestsLaunchTests.swift in Sources */,
				62EABAF029C08ECB0054F97A /* ImageFeedUITests.swift in Sources */,
			);
			runOnlyForDeploymentPostprocessing = 0;
		};
/* End PBXSourcesBuildPhase section */

/* Begin PBXTargetDependency section */
		62EABADF29C087610054F97A /* PBXTargetDependency */ = {
			isa = PBXTargetDependency;
			target = 62C3786E294CA31F0014BCD7 /* ImageFeed */;
			targetProxy = 62EABADE29C087610054F97A /* PBXContainerItemProxy */;
		};
		62EABAF429C08ECB0054F97A /* PBXTargetDependency */ = {
			isa = PBXTargetDependency;
			target = 62C3786E294CA31F0014BCD7 /* ImageFeed */;
			targetProxy = 62EABAF329C08ECB0054F97A /* PBXContainerItemProxy */;
		};
/* End PBXTargetDependency section */

/* Begin PBXVariantGroup section */
		62C37878294CA31F0014BCD7 /* Main.storyboard */ = {
			isa = PBXVariantGroup;
			children = (
				62C37879294CA31F0014BCD7 /* Base */,
			);
			name = Main.storyboard;
			sourceTree = "<group>";
		};
		62C3787D294CA3220014BCD7 /* LaunchScreen.storyboard */ = {
			isa = PBXVariantGroup;
			children = (
				62C3787E294CA3220014BCD7 /* Base */,
			);
			name = LaunchScreen.storyboard;
			sourceTree = "<group>";
		};
/* End PBXVariantGroup section */

/* Begin XCBuildConfiguration section */
		62C37881294CA3220014BCD7 /* Debug */ = {
			isa = XCBuildConfiguration;
			buildSettings = {
				ALWAYS_SEARCH_USER_PATHS = NO;
				CLANG_ANALYZER_NONNULL = YES;
				CLANG_ANALYZER_NUMBER_OBJECT_CONVERSION = YES_AGGRESSIVE;
				CLANG_CXX_LANGUAGE_STANDARD = "gnu++17";
				CLANG_ENABLE_MODULES = YES;
				CLANG_ENABLE_OBJC_ARC = YES;
				CLANG_ENABLE_OBJC_WEAK = YES;
				CLANG_WARN_BLOCK_CAPTURE_AUTORELEASING = YES;
				CLANG_WARN_BOOL_CONVERSION = YES;
				CLANG_WARN_COMMA = YES;
				CLANG_WARN_CONSTANT_CONVERSION = YES;
				CLANG_WARN_DEPRECATED_OBJC_IMPLEMENTATIONS = YES;
				CLANG_WARN_DIRECT_OBJC_ISA_USAGE = YES_ERROR;
				CLANG_WARN_DOCUMENTATION_COMMENTS = YES;
				CLANG_WARN_EMPTY_BODY = YES;
				CLANG_WARN_ENUM_CONVERSION = YES;
				CLANG_WARN_INFINITE_RECURSION = YES;
				CLANG_WARN_INT_CONVERSION = YES;
				CLANG_WARN_NON_LITERAL_NULL_CONVERSION = YES;
				CLANG_WARN_OBJC_IMPLICIT_RETAIN_SELF = YES;
				CLANG_WARN_OBJC_LITERAL_CONVERSION = YES;
				CLANG_WARN_OBJC_ROOT_CLASS = YES_ERROR;
				CLANG_WARN_QUOTED_INCLUDE_IN_FRAMEWORK_HEADER = YES;
				CLANG_WARN_RANGE_LOOP_ANALYSIS = YES;
				CLANG_WARN_STRICT_PROTOTYPES = YES;
				CLANG_WARN_SUSPICIOUS_MOVE = YES;
				CLANG_WARN_UNGUARDED_AVAILABILITY = YES_AGGRESSIVE;
				CLANG_WARN_UNREACHABLE_CODE = YES;
				CLANG_WARN__DUPLICATE_METHOD_MATCH = YES;
				COPY_PHASE_STRIP = NO;
				DEBUG_INFORMATION_FORMAT = dwarf;
				ENABLE_STRICT_OBJC_MSGSEND = YES;
				ENABLE_TESTABILITY = YES;
				GCC_C_LANGUAGE_STANDARD = gnu11;
				GCC_DYNAMIC_NO_PIC = NO;
				GCC_NO_COMMON_BLOCKS = YES;
				GCC_OPTIMIZATION_LEVEL = 0;
				GCC_PREPROCESSOR_DEFINITIONS = (
					"DEBUG=1",
					"$(inherited)",
				);
				GCC_WARN_64_TO_32_BIT_CONVERSION = YES;
				GCC_WARN_ABOUT_RETURN_TYPE = YES_ERROR;
				GCC_WARN_UNDECLARED_SELECTOR = YES;
				GCC_WARN_UNINITIALIZED_AUTOS = YES_AGGRESSIVE;
				GCC_WARN_UNUSED_FUNCTION = YES;
				GCC_WARN_UNUSED_VARIABLE = YES;
				IPHONEOS_DEPLOYMENT_TARGET = 15.4;
				MTL_ENABLE_DEBUG_INFO = INCLUDE_SOURCE;
				MTL_FAST_MATH = YES;
				ONLY_ACTIVE_ARCH = YES;
				SDKROOT = iphoneos;
				SWIFT_ACTIVE_COMPILATION_CONDITIONS = DEBUG;
				SWIFT_OPTIMIZATION_LEVEL = "-Onone";
			};
			name = Debug;
		};
		62C37882294CA3220014BCD7 /* Release */ = {
			isa = XCBuildConfiguration;
			buildSettings = {
				ALWAYS_SEARCH_USER_PATHS = NO;
				CLANG_ANALYZER_NONNULL = YES;
				CLANG_ANALYZER_NUMBER_OBJECT_CONVERSION = YES_AGGRESSIVE;
				CLANG_CXX_LANGUAGE_STANDARD = "gnu++17";
				CLANG_ENABLE_MODULES = YES;
				CLANG_ENABLE_OBJC_ARC = YES;
				CLANG_ENABLE_OBJC_WEAK = YES;
				CLANG_WARN_BLOCK_CAPTURE_AUTORELEASING = YES;
				CLANG_WARN_BOOL_CONVERSION = YES;
				CLANG_WARN_COMMA = YES;
				CLANG_WARN_CONSTANT_CONVERSION = YES;
				CLANG_WARN_DEPRECATED_OBJC_IMPLEMENTATIONS = YES;
				CLANG_WARN_DIRECT_OBJC_ISA_USAGE = YES_ERROR;
				CLANG_WARN_DOCUMENTATION_COMMENTS = YES;
				CLANG_WARN_EMPTY_BODY = YES;
				CLANG_WARN_ENUM_CONVERSION = YES;
				CLANG_WARN_INFINITE_RECURSION = YES;
				CLANG_WARN_INT_CONVERSION = YES;
				CLANG_WARN_NON_LITERAL_NULL_CONVERSION = YES;
				CLANG_WARN_OBJC_IMPLICIT_RETAIN_SELF = YES;
				CLANG_WARN_OBJC_LITERAL_CONVERSION = YES;
				CLANG_WARN_OBJC_ROOT_CLASS = YES_ERROR;
				CLANG_WARN_QUOTED_INCLUDE_IN_FRAMEWORK_HEADER = YES;
				CLANG_WARN_RANGE_LOOP_ANALYSIS = YES;
				CLANG_WARN_STRICT_PROTOTYPES = YES;
				CLANG_WARN_SUSPICIOUS_MOVE = YES;
				CLANG_WARN_UNGUARDED_AVAILABILITY = YES_AGGRESSIVE;
				CLANG_WARN_UNREACHABLE_CODE = YES;
				CLANG_WARN__DUPLICATE_METHOD_MATCH = YES;
				COPY_PHASE_STRIP = NO;
				DEBUG_INFORMATION_FORMAT = "dwarf-with-dsym";
				ENABLE_NS_ASSERTIONS = NO;
				ENABLE_STRICT_OBJC_MSGSEND = YES;
				GCC_C_LANGUAGE_STANDARD = gnu11;
				GCC_NO_COMMON_BLOCKS = YES;
				GCC_WARN_64_TO_32_BIT_CONVERSION = YES;
				GCC_WARN_ABOUT_RETURN_TYPE = YES_ERROR;
				GCC_WARN_UNDECLARED_SELECTOR = YES;
				GCC_WARN_UNINITIALIZED_AUTOS = YES_AGGRESSIVE;
				GCC_WARN_UNUSED_FUNCTION = YES;
				GCC_WARN_UNUSED_VARIABLE = YES;
				IPHONEOS_DEPLOYMENT_TARGET = 15.4;
				MTL_ENABLE_DEBUG_INFO = NO;
				MTL_FAST_MATH = YES;
				SDKROOT = iphoneos;
				SWIFT_COMPILATION_MODE = wholemodule;
				SWIFT_OPTIMIZATION_LEVEL = "-O";
				VALIDATE_PRODUCT = YES;
			};
			name = Release;
		};
		62C37884294CA3220014BCD7 /* Debug */ = {
			isa = XCBuildConfiguration;
			buildSettings = {
				ASSETCATALOG_COMPILER_APPICON_NAME = AppIcon;
				ASSETCATALOG_COMPILER_GLOBAL_ACCENT_COLOR_NAME = AccentColor;
				CODE_SIGN_STYLE = Automatic;
				CURRENT_PROJECT_VERSION = 1;
				DEVELOPMENT_TEAM = CWGDZRVFYJ;
				GENERATE_INFOPLIST_FILE = YES;
				INFOPLIST_FILE = ImageFeed/Info.plist;
				INFOPLIST_KEY_UIApplicationSupportsIndirectInputEvents = YES;
				INFOPLIST_KEY_UILaunchStoryboardName = LaunchScreen;
				INFOPLIST_KEY_UIMainStoryboardFile = Main;
				INFOPLIST_KEY_UISupportedInterfaceOrientations = UIInterfaceOrientationPortrait;
				INFOPLIST_KEY_UISupportedInterfaceOrientations_iPad = "UIInterfaceOrientationPortrait UIInterfaceOrientationPortraitUpsideDown UIInterfaceOrientationLandscapeLeft UIInterfaceOrientationLandscapeRight";
				INFOPLIST_KEY_UISupportedInterfaceOrientations_iPhone = UIInterfaceOrientationPortrait;
				IPHONEOS_DEPLOYMENT_TARGET = 13.0;
				LD_RUNPATH_SEARCH_PATHS = (
					"$(inherited)",
					"@executable_path/Frameworks",
				);
				MARKETING_VERSION = 1.0;
				PRODUCT_BUNDLE_IDENTIFIER = ru.yandex.practicum.dmisuvorov.ImageFeed;
				PRODUCT_NAME = "$(TARGET_NAME)";
				SWIFT_EMIT_LOC_STRINGS = YES;
				SWIFT_VERSION = 5.0;
				TARGETED_DEVICE_FAMILY = 1;
			};
			name = Debug;
		};
		62C37885294CA3220014BCD7 /* Release */ = {
			isa = XCBuildConfiguration;
			buildSettings = {
				ASSETCATALOG_COMPILER_APPICON_NAME = AppIcon;
				ASSETCATALOG_COMPILER_GLOBAL_ACCENT_COLOR_NAME = AccentColor;
				CODE_SIGN_STYLE = Automatic;
				CURRENT_PROJECT_VERSION = 1;
				DEVELOPMENT_TEAM = CWGDZRVFYJ;
				GENERATE_INFOPLIST_FILE = YES;
				INFOPLIST_FILE = ImageFeed/Info.plist;
				INFOPLIST_KEY_UIApplicationSupportsIndirectInputEvents = YES;
				INFOPLIST_KEY_UILaunchStoryboardName = LaunchScreen;
				INFOPLIST_KEY_UIMainStoryboardFile = Main;
				INFOPLIST_KEY_UISupportedInterfaceOrientations = UIInterfaceOrientationPortrait;
				INFOPLIST_KEY_UISupportedInterfaceOrientations_iPad = "UIInterfaceOrientationPortrait UIInterfaceOrientationPortraitUpsideDown UIInterfaceOrientationLandscapeLeft UIInterfaceOrientationLandscapeRight";
				INFOPLIST_KEY_UISupportedInterfaceOrientations_iPhone = UIInterfaceOrientationPortrait;
				IPHONEOS_DEPLOYMENT_TARGET = 13.0;
				LD_RUNPATH_SEARCH_PATHS = (
					"$(inherited)",
					"@executable_path/Frameworks",
				);
				MARKETING_VERSION = 1.0;
				PRODUCT_BUNDLE_IDENTIFIER = ru.yandex.practicum.dmisuvorov.ImageFeed;
				PRODUCT_NAME = "$(TARGET_NAME)";
				SWIFT_EMIT_LOC_STRINGS = YES;
				SWIFT_VERSION = 5.0;
				TARGETED_DEVICE_FAMILY = 1;
			};
			name = Release;
		};
		62EABAE129C087610054F97A /* Debug */ = {
			isa = XCBuildConfiguration;
			buildSettings = {
				BUNDLE_LOADER = "$(TEST_HOST)";
				CLANG_CXX_LANGUAGE_STANDARD = "gnu++20";
				CODE_SIGN_STYLE = Automatic;
				CURRENT_PROJECT_VERSION = 1;
				DEVELOPMENT_TEAM = CWGDZRVFYJ;
				GENERATE_INFOPLIST_FILE = YES;
				IPHONEOS_DEPLOYMENT_TARGET = 16.1;
				MARKETING_VERSION = 1.0;
				PRODUCT_BUNDLE_IDENTIFIER = ru.yandex.practicum.dmisuvorov.ImageFeedTests;
				PRODUCT_NAME = "$(TARGET_NAME)";
				SWIFT_EMIT_LOC_STRINGS = NO;
				SWIFT_VERSION = 5.0;
				TARGETED_DEVICE_FAMILY = "1,2";
				TEST_HOST = "$(BUILT_PRODUCTS_DIR)/ImageFeed.app/$(BUNDLE_EXECUTABLE_FOLDER_PATH)/ImageFeed";
			};
			name = Debug;
		};
		62EABAE229C087610054F97A /* Release */ = {
			isa = XCBuildConfiguration;
			buildSettings = {
				BUNDLE_LOADER = "$(TEST_HOST)";
				CLANG_CXX_LANGUAGE_STANDARD = "gnu++20";
				CODE_SIGN_STYLE = Automatic;
				CURRENT_PROJECT_VERSION = 1;
				DEVELOPMENT_TEAM = CWGDZRVFYJ;
				GENERATE_INFOPLIST_FILE = YES;
				IPHONEOS_DEPLOYMENT_TARGET = 16.1;
				MARKETING_VERSION = 1.0;
				PRODUCT_BUNDLE_IDENTIFIER = ru.yandex.practicum.dmisuvorov.ImageFeedTests;
				PRODUCT_NAME = "$(TARGET_NAME)";
				SWIFT_EMIT_LOC_STRINGS = NO;
				SWIFT_VERSION = 5.0;
				TARGETED_DEVICE_FAMILY = "1,2";
				TEST_HOST = "$(BUILT_PRODUCTS_DIR)/ImageFeed.app/$(BUNDLE_EXECUTABLE_FOLDER_PATH)/ImageFeed";
			};
			name = Release;
		};
		62EABAF629C08ECB0054F97A /* Debug */ = {
			isa = XCBuildConfiguration;
			buildSettings = {
				CLANG_CXX_LANGUAGE_STANDARD = "gnu++20";
				CODE_SIGN_STYLE = Automatic;
				CURRENT_PROJECT_VERSION = 1;
				DEVELOPMENT_TEAM = CWGDZRVFYJ;
				GENERATE_INFOPLIST_FILE = YES;
				IPHONEOS_DEPLOYMENT_TARGET = 16.1;
				MARKETING_VERSION = 1.0;
				PRODUCT_BUNDLE_IDENTIFIER = ru.yandex.practicum.dmisuvorov.ImageFeedUITests;
				PRODUCT_NAME = "$(TARGET_NAME)";
				SWIFT_EMIT_LOC_STRINGS = NO;
				SWIFT_VERSION = 5.0;
				TARGETED_DEVICE_FAMILY = "1,2";
				TEST_TARGET_NAME = ImageFeed;
			};
			name = Debug;
		};
		62EABAF729C08ECB0054F97A /* Release */ = {
			isa = XCBuildConfiguration;
			buildSettings = {
				CLANG_CXX_LANGUAGE_STANDARD = "gnu++20";
				CODE_SIGN_STYLE = Automatic;
				CURRENT_PROJECT_VERSION = 1;
				DEVELOPMENT_TEAM = CWGDZRVFYJ;
				GENERATE_INFOPLIST_FILE = YES;
				IPHONEOS_DEPLOYMENT_TARGET = 16.1;
				MARKETING_VERSION = 1.0;
				PRODUCT_BUNDLE_IDENTIFIER = ru.yandex.practicum.dmisuvorov.ImageFeedUITests;
				PRODUCT_NAME = "$(TARGET_NAME)";
				SWIFT_EMIT_LOC_STRINGS = NO;
				SWIFT_VERSION = 5.0;
				TARGETED_DEVICE_FAMILY = "1,2";
				TEST_TARGET_NAME = ImageFeed;
			};
			name = Release;
		};
/* End XCBuildConfiguration section */

/* Begin XCConfigurationList section */
		62C3786A294CA31F0014BCD7 /* Build configuration list for PBXProject "ImageFeed" */ = {
			isa = XCConfigurationList;
			buildConfigurations = (
				62C37881294CA3220014BCD7 /* Debug */,
				62C37882294CA3220014BCD7 /* Release */,
			);
			defaultConfigurationIsVisible = 0;
			defaultConfigurationName = Release;
		};
		62C37883294CA3220014BCD7 /* Build configuration list for PBXNativeTarget "ImageFeed" */ = {
			isa = XCConfigurationList;
			buildConfigurations = (
				62C37884294CA3220014BCD7 /* Debug */,
				62C37885294CA3220014BCD7 /* Release */,
			);
			defaultConfigurationIsVisible = 0;
			defaultConfigurationName = Release;
		};
		62EABAE029C087610054F97A /* Build configuration list for PBXNativeTarget "ImageFeedTests" */ = {
			isa = XCConfigurationList;
			buildConfigurations = (
				62EABAE129C087610054F97A /* Debug */,
				62EABAE229C087610054F97A /* Release */,
			);
			defaultConfigurationIsVisible = 0;
			defaultConfigurationName = Release;
		};
		62EABAF529C08ECB0054F97A /* Build configuration list for PBXNativeTarget "ImageFeedUITests" */ = {
			isa = XCConfigurationList;
			buildConfigurations = (
				62EABAF629C08ECB0054F97A /* Debug */,
				62EABAF729C08ECB0054F97A /* Release */,
			);
			defaultConfigurationIsVisible = 0;
			defaultConfigurationName = Release;
		};
/* End XCConfigurationList section */

/* Begin XCRemoteSwiftPackageReference section */
		62EABA9F2996E9200054F97A /* XCRemoteSwiftPackageReference "ProgressHUD" */ = {
			isa = XCRemoteSwiftPackageReference;
			repositoryURL = "https://github.com/relatedcode/ProgressHUD";
			requirement = {
				kind = exactVersion;
				version = 13.6.2;
			};
		};
		62EABAB6299D84B20054F97A /* XCRemoteSwiftPackageReference "Kingfisher" */ = {
			isa = XCRemoteSwiftPackageReference;
			repositoryURL = "https://github.com/onevcat/Kingfisher";
			requirement = {
				kind = exactVersion;
				version = 7.6.1;
			};
		};
		62EABAB9299EB0910054F97A /* XCRemoteSwiftPackageReference "SwiftKeychainWrapper" */ = {
			isa = XCRemoteSwiftPackageReference;
			repositoryURL = "https://github.com/jrendel/SwiftKeychainWrapper";
			requirement = {
				kind = exactVersion;
				version = 4.0.1;
			};
		};
/* End XCRemoteSwiftPackageReference section */

/* Begin XCSwiftPackageProductDependency section */
		62EABAA02996E9200054F97A /* ProgressHUD */ = {
			isa = XCSwiftPackageProductDependency;
			package = 62EABA9F2996E9200054F97A /* XCRemoteSwiftPackageReference "ProgressHUD" */;
			productName = ProgressHUD;
		};
		62EABAB7299D84B20054F97A /* Kingfisher */ = {
			isa = XCSwiftPackageProductDependency;
			package = 62EABAB6299D84B20054F97A /* XCRemoteSwiftPackageReference "Kingfisher" */;
			productName = Kingfisher;
		};
		62EABABA299EB0910054F97A /* SwiftKeychainWrapper */ = {
			isa = XCSwiftPackageProductDependency;
			package = 62EABAB9299EB0910054F97A /* XCRemoteSwiftPackageReference "SwiftKeychainWrapper" */;
			productName = SwiftKeychainWrapper;
		};
/* End XCSwiftPackageProductDependency section */
	};
	rootObject = 62C37867294CA31F0014BCD7 /* Project object */;
}
